<Project xmlns="http://schemas.microsoft.com/developer/msbuild/2003">
    <PropertyGroup>
        <ProjectGuid>{F3B2E6AD-6E4B-4736-A714-EEAE47C178BC}</ProjectGuid>
        <MainSource>MicroCoinWallet.dpr</MainSource>
        <Base>True</Base>
        <Config Condition="'$(Config)'==''">Release</Config>
        <TargetedPlatforms>3</TargetedPlatforms>
        <AppType>Application</AppType>
        <FrameworkType>VCL</FrameworkType>
        <ProjectVersion>18.4</ProjectVersion>
        <Platform Condition="'$(Platform)'==''">Win32</Platform>
    </PropertyGroup>
    <PropertyGroup Condition="'$(Config)'=='Base' or '$(Base)'!=''">
        <Base>true</Base>
    </PropertyGroup>
    <PropertyGroup Condition="('$(Platform)'=='Win32' and '$(Base)'=='true') or '$(Base_Win32)'!=''">
        <Base_Win32>true</Base_Win32>
        <CfgParent>Base</CfgParent>
        <Base>true</Base>
    </PropertyGroup>
    <PropertyGroup Condition="('$(Platform)'=='Win64' and '$(Base)'=='true') or '$(Base_Win64)'!=''">
        <Base_Win64>true</Base_Win64>
        <CfgParent>Base</CfgParent>
        <Base>true</Base>
    </PropertyGroup>
    <PropertyGroup Condition="'$(Config)'=='Release' or '$(Cfg_1)'!=''">
        <Cfg_1>true</Cfg_1>
        <CfgParent>Base</CfgParent>
        <Base>true</Base>
    </PropertyGroup>
    <PropertyGroup Condition="('$(Platform)'=='Win32' and '$(Cfg_1)'=='true') or '$(Cfg_1_Win32)'!=''">
        <Cfg_1_Win32>true</Cfg_1_Win32>
        <CfgParent>Cfg_1</CfgParent>
        <Cfg_1>true</Cfg_1>
        <Base>true</Base>
    </PropertyGroup>
    <PropertyGroup Condition="('$(Platform)'=='Win64' and '$(Cfg_1)'=='true') or '$(Cfg_1_Win64)'!=''">
        <Cfg_1_Win64>true</Cfg_1_Win64>
        <CfgParent>Cfg_1</CfgParent>
        <Cfg_1>true</Cfg_1>
        <Base>true</Base>
    </PropertyGroup>
    <PropertyGroup Condition="'$(Config)'=='Debug' or '$(Cfg_2)'!=''">
        <Cfg_2>true</Cfg_2>
        <CfgParent>Base</CfgParent>
        <Base>true</Base>
    </PropertyGroup>
    <PropertyGroup Condition="('$(Platform)'=='Win32' and '$(Cfg_2)'=='true') or '$(Cfg_2_Win32)'!=''">
        <Cfg_2_Win32>true</Cfg_2_Win32>
        <CfgParent>Cfg_2</CfgParent>
        <Cfg_2>true</Cfg_2>
        <Base>true</Base>
    </PropertyGroup>
    <PropertyGroup Condition="('$(Platform)'=='Win64' and '$(Cfg_2)'=='true') or '$(Cfg_2_Win64)'!=''">
        <Cfg_2_Win64>true</Cfg_2_Win64>
        <CfgParent>Cfg_2</CfgParent>
        <Cfg_2>true</Cfg_2>
        <Base>true</Base>
    </PropertyGroup>
    <PropertyGroup Condition="'$(Config)'=='Testnet' or '$(Cfg_3)'!=''">
        <Cfg_3>true</Cfg_3>
        <CfgParent>Base</CfgParent>
        <Base>true</Base>
    </PropertyGroup>
    <PropertyGroup Condition="('$(Platform)'=='Win32' and '$(Cfg_3)'=='true') or '$(Cfg_3_Win32)'!=''">
        <Cfg_3_Win32>true</Cfg_3_Win32>
        <CfgParent>Cfg_3</CfgParent>
        <Cfg_3>true</Cfg_3>
        <Base>true</Base>
    </PropertyGroup>
    <PropertyGroup Condition="'$(Config)'=='Devnet' or '$(Cfg_4)'!=''">
        <Cfg_4>true</Cfg_4>
        <CfgParent>Base</CfgParent>
        <Base>true</Base>
    </PropertyGroup>
    <PropertyGroup Condition="('$(Platform)'=='Win32' and '$(Cfg_4)'=='true') or '$(Cfg_4_Win32)'!=''">
        <Cfg_4_Win32>true</Cfg_4_Win32>
        <CfgParent>Cfg_4</CfgParent>
        <Cfg_4>true</Cfg_4>
        <Base>true</Base>
    </PropertyGroup>
    <PropertyGroup Condition="'$(Base)'!=''">
        <DCC_E>false</DCC_E>
        <DCC_F>false</DCC_F>
        <DCC_K>false</DCC_K>
        <DCC_N>false</DCC_N>
        <DCC_S>false</DCC_S>
        <DCC_ImageBase>00400000</DCC_ImageBase>
        <SanitizedProjectName>MicroCoinWallet</SanitizedProjectName>
        <DCC_Namespace>Vcl;Vcl.Imaging;Vcl.Touch;Vcl.Samples;Vcl.Shell;System;Xml;Data;Datasnap;Web;Soap;Winapi;$(DCC_Namespace)</DCC_Namespace>
        <VerInfo_Locale>1038</VerInfo_Locale>
        <VerInfo_Keys>CompanyName=;FileDescription=;FileVersion=1.3.3.0;InternalName=;LegalCopyright=;LegalTrademarks=;OriginalFilename=;ProductName=;ProductVersion=1.0.0.0;Comments=;CFBundleName=</VerInfo_Keys>
        <DCC_ExeOutput>..\bin\$(Platform)\$(Config)\</DCC_ExeOutput>
        <DCC_DcuOutput>..\dcu\$(Platform)\$(Config)\</DCC_DcuOutput>
        <DCC_UnitSearchPath>src\MicroCoin\Account;src\MicroCoin\Transaction;src\MicroCoin\Application;src\MicroCoin\BlockChain;src\MicroCoin\Common;src\MicroCoin\Keys;src\MicroCoin\Mining;src\MicroCoin\Net;src\MicroCoin\Node;src\MicroCoin\Rpc;src\MicroCoin\Utils;src\MicroCoin\Transaction\Lists;src\MicroCoin\Transaction\Plugins;src\Forms;src\Forms\BlockChain;src\Forms\Transactions;src\MicroCoin;src\MicroCoin\Account;src\MicroCoin\3rdParty;src\MicroCoin\3rdParty\Synapse;src\MicroCoin\3rdParty\OpenSSL;src\Forms\Common;src\MicroCoin\Deprecated;src\Forms\Keys;src\MicroCoin\3rdParty\fastmm;src\MicroCoin\3rdParty\DelphiZXingQRCode;components\PNGComponents\Source;components\VirtualTreeView\Source;$(DCC_UnitSearchPath)</DCC_UnitSearchPath>
        <Custom_Styles>&quot;Cobalt XEMedia|VCLSTYLE|$(BDSCOMMONDIR)\Styles\CobaltXEMedia.vsf&quot;;Glossy|VCLSTYLE|$(BDSCOMMONDIR)\Styles\Glossy.vsf;Glow|VCLSTYLE|$(BDSCOMMONDIR)\Styles\Glow.vsf;Luna|VCLSTYLE|$(BDSCOMMONDIR)\Styles\Luna.vsf;&quot;Ruby Graphite|VCLSTYLE|$(BDSCOMMONDIR)\Styles\RubyGraphite.vsf&quot;;Silver|VCLSTYLE|$(BDSCOMMONDIR)\Styles\Silver.vsf;&quot;Slate Classico|VCLSTYLE|$(BDSCOMMONDIR)\Styles\SlateClassico.vsf&quot;</Custom_Styles>
        <DCC_MapFile>3</DCC_MapFile>
        <VerInfo_IncludeVerInfo>true</VerInfo_IncludeVerInfo>
        <VerInfo_MinorVer>3</VerInfo_MinorVer>
        <VerInfo_Release>3</VerInfo_Release>
        <VerInfo_AutoIncVersion>true</VerInfo_AutoIncVersion>
        <DCC_OutputDRCFile>true</DCC_OutputDRCFile>
    </PropertyGroup>
    <PropertyGroup Condition="'$(Base_Win32)'!=''">
        <DCC_Namespace>System.Win;Data.Win;Datasnap.Win;Web.Win;Soap.Win;Xml.Win;Bde;$(DCC_Namespace)</DCC_Namespace>
        <BT_BuildType>Debug</BT_BuildType>
        <VerInfo_Keys>CompanyName=;FileDescription=$(MSBuildProjectName);FileVersion=1.3.2.0;InternalName=;LegalCopyright=;LegalTrademarks=;OriginalFilename=;ProductName=$(MSBuildProjectName);ProductVersion=1.0.0.0;Comments=;ProgramID=com.embarcadero.$(MSBuildProjectName)</VerInfo_Keys>
        <VerInfo_Locale>1033</VerInfo_Locale>
        <Manifest_File>$(BDS)\bin\default_app.manifest</Manifest_File>
        <AppEnableRuntimeThemes>true</AppEnableRuntimeThemes>
        <UWP_DelphiLogo44>$(BDS)\bin\Artwork\Windows\UWP\delphi_UwpDefault_44.png</UWP_DelphiLogo44>
        <UWP_DelphiLogo150>$(BDS)\bin\Artwork\Windows\UWP\delphi_UwpDefault_150.png</UWP_DelphiLogo150>
        <Icon_MainIcon>resources\MicroCoinWallet.ico</Icon_MainIcon>
        <VerInfo_Release>2</VerInfo_Release>
        <DCC_UsePackage>vcl;rtl;vclimg;VirtualTreesDR;PngComponentsD;MicroCoinUtils;MicroCoin;$(DCC_UsePackage)</DCC_UsePackage>
    </PropertyGroup>
    <PropertyGroup Condition="'$(Base_Win64)'!=''">
        <UWP_DelphiLogo44>$(BDS)\bin\Artwork\Windows\UWP\delphi_UwpDefault_44.png</UWP_DelphiLogo44>
        <UWP_DelphiLogo150>$(BDS)\bin\Artwork\Windows\UWP\delphi_UwpDefault_150.png</UWP_DelphiLogo150>
        <DCC_Namespace>System.Win;Data.Win;Datasnap.Win;Web.Win;Soap.Win;Xml.Win;$(DCC_Namespace)</DCC_Namespace>
        <BT_BuildType>Debug</BT_BuildType>
        <VerInfo_Keys>CompanyName=;FileDescription=$(MSBuildProjectName);FileVersion=1.3.2.0;InternalName=;LegalCopyright=;LegalTrademarks=;OriginalFilename=;ProgramID=com.embarcadero.$(MSBuildProjectName);ProductName=$(MSBuildProjectName);ProductVersion=1.0.0.0;Comments=</VerInfo_Keys>
        <VerInfo_Locale>1033</VerInfo_Locale>
        <Manifest_File>$(BDS)\bin\default_app.manifest</Manifest_File>
        <Icon_MainIcon>resources\MicroCoinWallet.ico</Icon_MainIcon>
        <DCC_UsePackage>vcl;rtl;vclimg;VirtualTreesDR;PngComponentsD;$(DCC_UsePackage)</DCC_UsePackage>
        <VerInfo_Release>2</VerInfo_Release>
    </PropertyGroup>
    <PropertyGroup Condition="'$(Cfg_1)'!=''">
        <DCC_Define>RELEASE;$(DCC_Define)</DCC_Define>
        <DCC_DebugInformation>0</DCC_DebugInformation>
        <DCC_LocalDebugSymbols>false</DCC_LocalDebugSymbols>
        <DCC_SymbolReferenceInfo>0</DCC_SymbolReferenceInfo>
    </PropertyGroup>
    <PropertyGroup Condition="'$(Cfg_1_Win32)'!=''">
        <AppEnableRuntimeThemes>true</AppEnableRuntimeThemes>
        <VerInfo_Locale>1033</VerInfo_Locale>
        <VerInfo_Build>78</VerInfo_Build>
        <VerInfo_Keys>CompanyName=MicroCoin;FileDescription=MicroCoin Desktop Wallet;FileVersion=1.3.5.78;InternalName=;LegalCopyright=;LegalTrademarks=;OriginalFilename=;ProductName=;ProductVersion=1.0.0.0;Comments=;ProgramID=</VerInfo_Keys>
        <VerInfo_Release>5</VerInfo_Release>
        <DCC_IOChecking>false</DCC_IOChecking>
        <BRCC_CompilerToUse>rc</BRCC_CompilerToUse>
        <DCC_MapFile>0</DCC_MapFile>
        <DCC_OutputDRCFile>false</DCC_OutputDRCFile>
    </PropertyGroup>
    <PropertyGroup Condition="'$(Cfg_1_Win64)'!=''">
        <AppEnableRuntimeThemes>true</AppEnableRuntimeThemes>
        <VerInfo_Locale>1033</VerInfo_Locale>
        <VerInfo_Release>2</VerInfo_Release>
        <VerInfo_Keys>CompanyName=;FileDescription=$(MSBuildProjectName);FileVersion=1.3.2.0;InternalName=;LegalCopyright=;LegalTrademarks=;OriginalFilename=;ProgramID=com.embarcadero.$(MSBuildProjectName);ProductName=$(MSBuildProjectName);ProductVersion=1.0.0.0;Comments=</VerInfo_Keys>
    </PropertyGroup>
    <PropertyGroup Condition="'$(Cfg_2)'!=''">
        <DCC_Define>DEBUG;$(DCC_Define)</DCC_Define>
        <DCC_Optimize>false</DCC_Optimize>
        <DCC_GenerateStackFrames>true</DCC_GenerateStackFrames>
    </PropertyGroup>
    <PropertyGroup Condition="'$(Cfg_2_Win32)'!=''">
        <AppEnableRuntimeThemes>true</AppEnableRuntimeThemes>
        <VerInfo_Locale>1033</VerInfo_Locale>
        <VerInfo_Keys>CompanyName=;FileDescription=$(MSBuildProjectName);FileVersion=1.3.2.76;InternalName=;LegalCopyright=;LegalTrademarks=;OriginalFilename=;ProductName=$(MSBuildProjectName);ProductVersion=1.0.0.0;Comments=;ProgramID=com.embarcadero.$(MSBuildProjectName)</VerInfo_Keys>
        <VerInfo_Build>76</VerInfo_Build>
        <DCC_ExeOutput>..\bin\$(Platform)\$(Config)\</DCC_ExeOutput>
        <DCC_DcuOutput>..\dcu\$(Platform)\$(Config)\</DCC_DcuOutput>
        <VerInfo_Release>2</VerInfo_Release>
        <DCC_Define>OpenSSL11;$(DCC_Define)</DCC_Define>
    </PropertyGroup>
    <PropertyGroup Condition="'$(Cfg_2_Win64)'!=''">
        <AppEnableRuntimeThemes>true</AppEnableRuntimeThemes>
        <VerInfo_Locale>1033</VerInfo_Locale>
        <VerInfo_Release>2</VerInfo_Release>
        <VerInfo_Keys>CompanyName=;FileDescription=$(MSBuildProjectName);FileVersion=1.3.2.3;InternalName=;LegalCopyright=;LegalTrademarks=;OriginalFilename=;ProgramID=com.embarcadero.$(MSBuildProjectName);ProductName=$(MSBuildProjectName);ProductVersion=1.0.0.0;Comments=</VerInfo_Keys>
        <VerInfo_Build>3</VerInfo_Build>
    </PropertyGroup>
    <PropertyGroup Condition="'$(Cfg_3_Win32)'!=''">
        <DCC_Define>TESTNET;DEBUG;$(DCC_Define)</DCC_Define>
        <VerInfo_Release>2</VerInfo_Release>
        <VerInfo_Locale>1033</VerInfo_Locale>
        <VerInfo_Keys>CompanyName=;FileDescription=$(MSBuildProjectName);FileVersion=1.3.2.48;InternalName=;LegalCopyright=;LegalTrademarks=;OriginalFilename=;ProductName=$(MSBuildProjectName);ProductVersion=1.0.0.0;Comments=;ProgramID=</VerInfo_Keys>
        <AppEnableRuntimeThemes>true</AppEnableRuntimeThemes>
        <DCC_DebugInfoInExe>true</DCC_DebugInfoInExe>
        <DCC_GenerateStackFrames>true</DCC_GenerateStackFrames>
        <VerInfo_Build>48</VerInfo_Build>
    </PropertyGroup>
    <PropertyGroup Condition="'$(Cfg_4)'!=''">
        <DCC_Define>DEVNET;DEBUG;EXTENDEDACCOUNT;$(DCC_Define)</DCC_Define>
        <VerInfo_Release>2</VerInfo_Release>
        <VerInfo_Locale>1033</VerInfo_Locale>
        <VerInfo_Keys>CompanyName=;FileDescription=$(MSBuildProjectName);FileVersion=1.3.2.42;InternalName=;LegalCopyright=;LegalTrademarks=;OriginalFilename=;ProductName=$(MSBuildProjectName);ProductVersion=1.0.0.0;Comments=;ProgramID=</VerInfo_Keys>
        <AppEnableRuntimeThemes>true</AppEnableRuntimeThemes>
        <DCC_DebugInfoInExe>true</DCC_DebugInfoInExe>
        <DCC_GenerateStackFrames>true</DCC_GenerateStackFrames>
        <VerInfo_Build>42</VerInfo_Build>
    </PropertyGroup>
    <PropertyGroup Condition="'$(Cfg_4_Win32)'!=''">
        <VerInfo_Build>66</VerInfo_Build>
        <VerInfo_Keys>CompanyName=;FileDescription=$(MSBuildProjectName);FileVersion=1.3.2.66;InternalName=;LegalCopyright=;LegalTrademarks=;OriginalFilename=;ProductName=$(MSBuildProjectName);ProductVersion=1.0.0.0;Comments=;ProgramID=</VerInfo_Keys>
        <DCC_Optimize>false</DCC_Optimize>
    </PropertyGroup>
    <ItemGroup>
        <DelphiCompile Include="$(MainSource)">
            <MainSource>MainSource</MainSource>
        </DelphiCompile>
        <DCCReference Include="src\MicroCoin\Account\MicroCoin.Account.AccountKey.pas"/>
        <DCCReference Include="src\MicroCoin\Account\MicroCoin.Account.Data.pas"/>
        <DCCReference Include="src\MicroCoin\Account\MicroCoin.Account.Editors.pas"/>
        <DCCReference Include="src\MicroCoin\Account\MicroCoin.Account.RPC.pas"/>
        <DCCReference Include="src\MicroCoin\Account\MicroCoin.Account.Storage.pas"/>
        <DCCReference Include="src\MicroCoin\Account\MicroCoin.Account.Transaction.pas"/>
        <DCCReference Include="src\MicroCoin\Application\MicroCoin.Application.Settings.pas"/>
        <DCCReference Include="src\MicroCoin\BlockChain\MicroCoin.BlockChain.Base.pas"/>
        <DCCReference Include="src\MicroCoin\BlockChain\MicroCoin.BlockChain.Block.pas"/>
        <DCCReference Include="src\MicroCoin\BlockChain\MicroCoin.BlockChain.BlockHeader.pas"/>
        <DCCReference Include="src\MicroCoin\BlockChain\MicroCoin.BlockChain.BlockManager.pas"/>
        <DCCReference Include="src\MicroCoin\BlockChain\MicroCoin.BlockChain.Events.pas"/>
        <DCCReference Include="src\MicroCoin\BlockChain\MicroCoin.BlockChain.FileStorage.pas"/>
        <DCCReference Include="src\MicroCoin\BlockChain\MicroCoin.BlockChain.Protocol.pas"/>
        <DCCReference Include="src\MicroCoin\BlockChain\MicroCoin.BlockChain.Storage.pas"/>
        <DCCReference Include="src\MicroCoin\Common\MicroCoin.Common.AppSettings.pas"/>
        <DCCReference Include="src\MicroCoin\Common\MicroCoin.Common.IniFileSettings.pas"/>
        <DCCReference Include="src\MicroCoin\Common\MicroCoin.Common.Lists.pas"/>
        <DCCReference Include="src\MicroCoin\Common\MicroCoin.Common.pas"/>
        <DCCReference Include="src\MicroCoin\Deprecated\UAES.pas"/>
        <DCCReference Include="src\MicroCoin\Deprecated\UBaseTypes.pas"/>
        <DCCReference Include="src\MicroCoin\Deprecated\UChunk.pas"/>
        <DCCReference Include="src\MicroCoin\Deprecated\UConst.pas"/>
        <DCCReference Include="src\MicroCoin\Deprecated\UCrypto.pas"/>
        <DCCReference Include="src\MicroCoin\Deprecated\UECIES.pas"/>
        <DCCReference Include="src\MicroCoin\Deprecated\UFolderHelper.pas"/>
        <DCCReference Include="src\MicroCoin\Deprecated\UJSONFunctions.pas"/>
        <DCCReference Include="src\MicroCoin\Deprecated\ULog.pas"/>
        <DCCReference Include="src\MicroCoin\Deprecated\USha256.pas"/>
        <DCCReference Include="src\MicroCoin\Deprecated\UTCPIP.pas"/>
        <DCCReference Include="src\MicroCoin\Deprecated\UThread.pas"/>
        <DCCReference Include="src\MicroCoin\Deprecated\UTime.pas"/>
        <DCCReference Include="src\MicroCoin\Deprecated\UWalletKeys.pas"/>
        <DCCReference Include="src\MicroCoin\Keys\MicroCoin.Keys.KeyManager.pas"/>
        <DCCReference Include="src\MicroCoin\Mining\MicroCoin.Mining.Common.pas"/>
        <DCCReference Include="src\MicroCoin\Mining\MicroCoin.Mining.Server.pas"/>
        <DCCReference Include="src\MicroCoin\Net\MicroCoin.Net.Client.pas"/>
        <DCCReference Include="src\MicroCoin\Net\MicroCoin.Net.Connection.pas"/>
        <DCCReference Include="src\MicroCoin\Net\MicroCoin.Net.ConnectionBase.pas"/>
        <DCCReference Include="src\MicroCoin\Net\MicroCoin.Net.ConnectionManager.pas"/>
        <DCCReference Include="src\MicroCoin\Net\MicroCoin.Net.Discovery.pas"/>
        <DCCReference Include="src\MicroCoin\Net\MicroCoin.Net.Events.pas"/>
        <DCCReference Include="src\MicroCoin\Net\MicroCoin.Net.INetNotificationSource.pas"/>
        <DCCReference Include="src\MicroCoin\Net\MicroCoin.Net.NodeServer.pas"/>
        <DCCReference Include="src\MicroCoin\Net\MicroCoin.Net.Protocol.pas"/>
        <DCCReference Include="src\MicroCoin\Net\MicroCoin.Net.Server.pas"/>
        <DCCReference Include="src\MicroCoin\Net\MicroCoin.Net.Statistics.pas"/>
        <DCCReference Include="src\MicroCoin\Net\MicroCoin.Net.Time.pas"/>
        <DCCReference Include="src\MicroCoin\Net\MicroCoin.Net.Utils.pas"/>
        <DCCReference Include="src\MicroCoin\Node\MicroCoin.Node.Events.pas"/>
        <DCCReference Include="src\MicroCoin\Node\MicroCoin.Node.Node.pas"/>
        <DCCReference Include="src\MicroCoin\RPC\MicroCoin.RPC.Client.pas"/>
        <DCCReference Include="src\MicroCoin\Rpc\MicroCoin.RPC.Handler.pas"/>
        <DCCReference Include="src\MicroCoin\RPC\MicroCoin.RPC.MethodHandler.pas"/>
        <DCCReference Include="src\MicroCoin\RPC\MicroCoin.RPC.Plugin.pas"/>
        <DCCReference Include="src\MicroCoin\RPC\MicroCoin.RPC.PluginManager.pas"/>
        <DCCReference Include="src\MicroCoin\RPC\MicroCoin.RPC.Result.pas"/>
        <DCCReference Include="src\MicroCoin\RPC\MicroCoin.RPC.RPCMethodAttribute.pas"/>
        <DCCReference Include="src\MicroCoin\RPC\MicroCoin.RPC.Server.pas"/>
        <DCCReference Include="src\MicroCoin\Transaction\MicroCoin.Transaction.Base.pas"/>
        <DCCReference Include="src\MicroCoin\Transaction\MicroCoin.Transaction.Events.pas"/>
        <DCCReference Include="src\MicroCoin\Transaction\MicroCoin.Transaction.HashTree.pas"/>
        <DCCReference Include="src\MicroCoin\Transaction\MicroCoin.Transaction.ITransaction.pas"/>
        <DCCReference Include="src\MicroCoin\Transaction\MicroCoin.Transaction.Manager.pas"/>
        <DCCReference Include="src\MicroCoin\Transaction\MicroCoin.Transaction.Transaction.pas"/>
        <DCCReference Include="src\MicroCoin\Transaction\Lists\MicroCoin.Transaction.TransactionList.pas"/>
        <DCCReference Include="src\MicroCoin\Transaction\Plugins\MicroCoin.Transaction.ChangeAccountInfo.pas"/>
        <DCCReference Include="src\MicroCoin\Transaction\Plugins\MicroCoin.Transaction.ChangeKey.pas"/>
        <DCCReference Include="src\MicroCoin\Transaction\Plugins\MicroCoin.Transaction.CreateSubAccount.pas"/>
        <DCCReference Include="src\MicroCoin\Transaction\Plugins\MicroCoin.Transaction.ListAccount.pas"/>
        <DCCReference Include="src\MicroCoin\Transaction\Plugins\MicroCoin.Transaction.RecoverFounds.pas"/>
        <DCCReference Include="src\MicroCoin\Transaction\Plugins\MicroCoin.Transaction.TransferMoney.pas"/>
        <DCCReference Include="src\Forms\Common\MicroCoin.Forms.AccountSelectDialog.pas">
            <Form>AccountSelectDialog</Form>
        </DCCReference>
        <DCCReference Include="src\Forms\BlockChain\MicroCoin.Forms.BlockChain.Explorer.pas">
            <Form>BlockChainExplorerForm</Form>
        </DCCReference>
        <DCCReference Include="src\Forms\Common\MicroCoin.Forms.Common.About.pas">
            <Form>AboutForm</Form>
        </DCCReference>
        <DCCReference Include="src\Forms\Common\MicroCoin.Forms.Common.Settings.pas">
            <Form>SettingsForm</Form>
        </DCCReference>
        <DCCReference Include="src\Forms\Keys\MicroCoin.Forms.Keys.KeyManager.pas">
            <Form>WalletKeysForm</Form>
        </DCCReference>
        <DCCReference Include="src\Forms\Transactions\MicroCoin.Forms.BuyAccount.pas">
            <Form>BuyAccountForm</Form>
        </DCCReference>
        <DCCReference Include="src\Forms\Transactions\MicroCoin.Forms.ChangeAccountKey.pas">
            <Form>ChangeAccountKeyForm</Form>
        </DCCReference>
        <DCCReference Include="src\Forms\Transactions\MicroCoin.Forms.EditAccount.pas">
            <Form>EditAccountForm</Form>
        </DCCReference>
        <DCCReference Include="src\Forms\Transactions\MicroCoin.Forms.SellAccount.pas">
            <Form>SellAccountForm</Form>
        </DCCReference>
        <DCCReference Include="src\Forms\Transactions\MicroCoin.Forms.Transaction.Explorer.pas">
            <Form>TransactionExplorer</Form>
        </DCCReference>
        <DCCReference Include="src\Forms\Transactions\MicroCoin.Forms.Transaction.History.pas">
            <Form>TransactionHistoryForm</Form>
        </DCCReference>
        <DCCReference Include="src\Forms\Exchange\MicroCoin.Exchange.MapleChange.pas"/>
        <DCCReference Include="src\Forms\MicroCoin.Forms.MainForm.pas">
            <Form>MainForm</Form>
        </DCCReference>
        <BuildConfiguration Include="Base">
            <Key>Base</Key>
        </BuildConfiguration>
        <BuildConfiguration Include="Devnet">
            <Key>Cfg_4</Key>
            <CfgParent>Base</CfgParent>
        </BuildConfiguration>
        <BuildConfiguration Include="Debug">
            <Key>Cfg_2</Key>
            <CfgParent>Base</CfgParent>
        </BuildConfiguration>
        <BuildConfiguration Include="Release">
            <Key>Cfg_1</Key>
            <CfgParent>Base</CfgParent>
        </BuildConfiguration>
        <BuildConfiguration Include="Testnet">
            <Key>Cfg_3</Key>
            <CfgParent>Base</CfgParent>
        </BuildConfiguration>
    </ItemGroup>
    <ProjectExtensions>
        <Borland.Personality>Delphi.Personality.12</Borland.Personality>
        <Borland.ProjectType/>
        <BorlandProject>
            <Delphi.Personality>
                <Source>
                    <Source Name="MainSource">MicroCoinWallet.dpr</Source>
                </Source>
                <Excluded_Packages>
                    <Excluded_Packages Name="$(BDSBIN)\bcboffice2k250.bpl">Embarcadero C++Builder Office 2000 Servers Package</Excluded_Packages>
                    <Excluded_Packages Name="$(BDSBIN)\bcbofficexp250.bpl">Embarcadero C++Builder Office XP Servers Package</Excluded_Packages>
                    <Excluded_Packages Name="$(BDSBIN)\dcloffice2k250.bpl">Microsoft Office 2000 Sample Automation Server Wrapper Components</Excluded_Packages>
                    <Excluded_Packages Name="$(BDSBIN)\dclofficexp250.bpl">Microsoft Office XP Sample Automation Server Wrapper Components</Excluded_Packages>
                </Excluded_Packages>
                <Language>
                    <Language Name="ProjectLang">$00000409</Language>
                    <Language Name="ActiveLang">HUN</Language>
                </Language>
                <Resource_DLL_Projects>
                    <Resource_DLL_Projects Name="Item0">magyar (Magyarország)*$0000040E*HUN*HUN</Resource_DLL_Projects>
                    <Resource_DLL_Projects Name="Item1">angol (Egyesült Államok)*$00000409*ENU*ENU</Resource_DLL_Projects>
                </Resource_DLL_Projects>
                <Misc_Files>
                    <Misc_Files Name="Item0">src\Forms\BlockChain\MicroCoin.Forms.BlockChain.Explorer.dfm*Forms</Misc_Files>
                    <Misc_Files Name="Item1">src\Forms\Common\MicroCoin.Forms.AccountSelectDialog.dfm*Forms</Misc_Files>
                    <Misc_Files Name="Item2">src\Forms\Common\MicroCoin.Forms.Common.About.dfm*Forms</Misc_Files>
                    <Misc_Files Name="Item3">src\Forms\Common\MicroCoin.Forms.Common.Settings.dfm*Forms</Misc_Files>
                    <Misc_Files Name="Item4">src\Forms\Keys\MicroCoin.Forms.Keys.KeyManager.dfm*Forms</Misc_Files>
                    <Misc_Files Name="Item5">src\Forms\MicroCoin.Forms.MainForm.dfm*Forms</Misc_Files>
                    <Misc_Files Name="Item6">src\Forms\Transactions\MicroCoin.Forms.BuyAccount.dfm*Forms</Misc_Files>
                    <Misc_Files Name="Item7">src\Forms\Transactions\MicroCoin.Forms.ChangeAccountKey.dfm*Forms</Misc_Files>
                    <Misc_Files Name="Item8">src\Forms\Transactions\MicroCoin.Forms.EditAccount.dfm*Forms</Misc_Files>
                    <Misc_Files Name="Item9">src\Forms\Transactions\MicroCoin.Forms.SellAccount.dfm*Forms</Misc_Files>
                    <Misc_Files Name="Item10">src\Forms\Transactions\MicroCoin.Forms.Transaction.CreateSubAccount.dfm*Forms</Misc_Files>
                    <Misc_Files Name="Item11">src\Forms\Transactions\MicroCoin.Forms.Transaction.Explorer.dfm*Forms</Misc_Files>
                    <Misc_Files Name="Item12">src\Forms\Transactions\MicroCoin.Forms.Transaction.History.dfm*Forms</Misc_Files>
                    <Misc_Files Name="Item13">src\Forms\BlockChain\MicroCoin.Forms.BlockChain.Explorer.dfm*Forms</Misc_Files>
                    <Misc_Files Name="Item14">src\Forms\Common\MicroCoin.Forms.AccountSelectDialog.dfm*Forms</Misc_Files>
                    <Misc_Files Name="Item15">src\Forms\Common\MicroCoin.Forms.Common.About.dfm*Forms</Misc_Files>
                    <Misc_Files Name="Item16">src\Forms\Common\MicroCoin.Forms.Common.Settings.dfm*Forms</Misc_Files>
                    <Misc_Files Name="Item17">src\Forms\Keys\MicroCoin.Forms.Keys.KeyManager.dfm*Forms</Misc_Files>
                    <Misc_Files Name="Item18">src\Forms\MicroCoin.Forms.MainForm.dfm*Forms</Misc_Files>
                    <Misc_Files Name="Item19">src\Forms\Transactions\MicroCoin.Forms.BuyAccount.dfm*Forms</Misc_Files>
                    <Misc_Files Name="Item20">src\Forms\Transactions\MicroCoin.Forms.ChangeAccountKey.dfm*Forms</Misc_Files>
                    <Misc_Files Name="Item21">src\Forms\Transactions\MicroCoin.Forms.EditAccount.dfm*Forms</Misc_Files>
                    <Misc_Files Name="Item22">src\Forms\Transactions\MicroCoin.Forms.SellAccount.dfm*Forms</Misc_Files>
                    <Misc_Files Name="Item23">src\Forms\Transactions\MicroCoin.Forms.Transaction.CreateSubAccount.dfm*Forms</Misc_Files>
                    <Misc_Files Name="Item24">src\Forms\Transactions\MicroCoin.Forms.Transaction.Explorer.dfm*Forms</Misc_Files>
                    <Misc_Files Name="Item25">src\Forms\Transactions\MicroCoin.Forms.Transaction.History.dfm*Forms</Misc_Files>
                    <Misc_Files Name="Item26">src\Forms\BlockChain\MicroCoin.Forms.BlockChain.Explorer.dfm*Forms</Misc_Files>
                    <Misc_Files Name="Item27">src\Forms\Common\MicroCoin.Forms.AccountSelectDialog.dfm*Forms</Misc_Files>
                    <Misc_Files Name="Item28">src\Forms\Common\MicroCoin.Forms.Common.About.dfm*Forms</Misc_Files>
                    <Misc_Files Name="Item29">src\Forms\Common\MicroCoin.Forms.Common.Settings.dfm*Forms</Misc_Files>
                    <Misc_Files Name="Item30">src\Forms\Keys\MicroCoin.Forms.Keys.KeyManager.dfm*Forms</Misc_Files>
                    <Misc_Files Name="Item31">src\Forms\MicroCoin.Forms.MainForm.dfm*Forms</Misc_Files>
                    <Misc_Files Name="Item32">src\Forms\Transactions\MicroCoin.Forms.BuyAccount.dfm*Forms</Misc_Files>
                    <Misc_Files Name="Item33">src\Forms\Transactions\MicroCoin.Forms.ChangeAccountKey.dfm*Forms</Misc_Files>
                    <Misc_Files Name="Item34">src\Forms\Transactions\MicroCoin.Forms.EditAccount.dfm*Forms</Misc_Files>
                    <Misc_Files Name="Item35">src\Forms\Transactions\MicroCoin.Forms.SellAccount.dfm*Forms</Misc_Files>
                    <Misc_Files Name="Item36">src\Forms\Transactions\MicroCoin.Forms.Transaction.CreateSubAccount.dfm*Forms</Misc_Files>
                    <Misc_Files Name="Item37">src\Forms\Transactions\MicroCoin.Forms.Transaction.Explorer.dfm*Forms</Misc_Files>
                    <Misc_Files Name="Item38">src\Forms\Transactions\MicroCoin.Forms.Transaction.History.dfm*Forms</Misc_Files>
                    <Misc_Files Name="Item39">src\Forms\BlockChain\MicroCoin.Forms.BlockChain.Explorer.dfm*Forms</Misc_Files>
                    <Misc_Files Name="Item40">src\Forms\Common\MicroCoin.Forms.AccountSelectDialog.dfm*Forms</Misc_Files>
                    <Misc_Files Name="Item41">src\Forms\Common\MicroCoin.Forms.Common.About.dfm*Forms</Misc_Files>
                    <Misc_Files Name="Item42">src\Forms\Common\MicroCoin.Forms.Common.Settings.dfm*Forms</Misc_Files>
                    <Misc_Files Name="Item43">src\Forms\Keys\MicroCoin.Forms.Keys.KeyManager.dfm*Forms</Misc_Files>
                    <Misc_Files Name="Item44">src\Forms\MicroCoin.Forms.MainForm.dfm*Forms</Misc_Files>
                    <Misc_Files Name="Item45">src\Forms\Transactions\MicroCoin.Forms.BuyAccount.dfm*Forms</Misc_Files>
                    <Misc_Files Name="Item46">src\Forms\Transactions\MicroCoin.Forms.ChangeAccountKey.dfm*Forms</Misc_Files>
                    <Misc_Files Name="Item47">src\Forms\Transactions\MicroCoin.Forms.EditAccount.dfm*Forms</Misc_Files>
                    <Misc_Files Name="Item48">src\Forms\Transactions\MicroCoin.Forms.SellAccount.dfm*Forms</Misc_Files>
                    <Misc_Files Name="Item49">src\Forms\Transactions\MicroCoin.Forms.Transaction.CreateSubAccount.dfm*Forms</Misc_Files>
                    <Misc_Files Name="Item50">src\Forms\Transactions\MicroCoin.Forms.Transaction.Explorer.dfm*Forms</Misc_Files>
                    <Misc_Files Name="Item51">src\Forms\Transactions\MicroCoin.Forms.Transaction.History.dfm*Forms</Misc_Files>
                    <Misc_Files Name="Item52">src\Forms\BlockChain\MicroCoin.Forms.BlockChain.Explorer.dfm*Forms</Misc_Files>
                    <Misc_Files Name="Item53">src\Forms\Common\MicroCoin.Forms.AccountSelectDialog.dfm*Forms</Misc_Files>
                    <Misc_Files Name="Item54">src\Forms\Common\MicroCoin.Forms.Common.About.dfm*Forms</Misc_Files>
                    <Misc_Files Name="Item55">src\Forms\Common\MicroCoin.Forms.Common.Settings.dfm*Forms</Misc_Files>
                    <Misc_Files Name="Item56">src\Forms\Keys\MicroCoin.Forms.Keys.KeyManager.dfm*Forms</Misc_Files>
                    <Misc_Files Name="Item57">src\Forms\MicroCoin.Forms.MainForm.dfm*Forms</Misc_Files>
                    <Misc_Files Name="Item58">src\Forms\Transactions\MicroCoin.Forms.BuyAccount.dfm*Forms</Misc_Files>
                    <Misc_Files Name="Item59">src\Forms\Transactions\MicroCoin.Forms.ChangeAccountKey.dfm*Forms</Misc_Files>
                    <Misc_Files Name="Item60">src\Forms\Transactions\MicroCoin.Forms.EditAccount.dfm*Forms</Misc_Files>
                    <Misc_Files Name="Item61">src\Forms\Transactions\MicroCoin.Forms.SellAccount.dfm*Forms</Misc_Files>
                    <Misc_Files Name="Item62">src\Forms\Transactions\MicroCoin.Forms.Transaction.CreateSubAccount.dfm*Forms</Misc_Files>
                    <Misc_Files Name="Item63">src\Forms\Transactions\MicroCoin.Forms.Transaction.Explorer.dfm*Forms</Misc_Files>
                    <Misc_Files Name="Item64">src\Forms\Transactions\MicroCoin.Forms.Transaction.History.dfm*Forms</Misc_Files>
                    <Misc_Files Name="Item65">src\Forms\BlockChain\MicroCoin.Forms.BlockChain.Explorer.dfm*Forms</Misc_Files>
                    <Misc_Files Name="Item66">src\Forms\Common\MicroCoin.Forms.AccountSelectDialog.dfm*Forms</Misc_Files>
                    <Misc_Files Name="Item67">src\Forms\Common\MicroCoin.Forms.Common.About.dfm*Forms</Misc_Files>
                    <Misc_Files Name="Item68">src\Forms\Common\MicroCoin.Forms.Common.Settings.dfm*Forms</Misc_Files>
                    <Misc_Files Name="Item69">src\Forms\Keys\MicroCoin.Forms.Keys.KeyManager.dfm*Forms</Misc_Files>
                    <Misc_Files Name="Item70">src\Forms\MicroCoin.Forms.MainForm.dfm*Forms</Misc_Files>
                    <Misc_Files Name="Item71">src\Forms\Transactions\MicroCoin.Forms.BuyAccount.dfm*Forms</Misc_Files>
                    <Misc_Files Name="Item72">src\Forms\Transactions\MicroCoin.Forms.ChangeAccountKey.dfm*Forms</Misc_Files>
                    <Misc_Files Name="Item73">src\Forms\Transactions\MicroCoin.Forms.EditAccount.dfm*Forms</Misc_Files>
                    <Misc_Files Name="Item74">src\Forms\Transactions\MicroCoin.Forms.SellAccount.dfm*Forms</Misc_Files>
                    <Misc_Files Name="Item75">src\Forms\Transactions\MicroCoin.Forms.Transaction.CreateSubAccount.dfm*Forms</Misc_Files>
                    <Misc_Files Name="Item76">src\Forms\Transactions\MicroCoin.Forms.Transaction.Explorer.dfm*Forms</Misc_Files>
                    <Misc_Files Name="Item77">src\Forms\Transactions\MicroCoin.Forms.Transaction.History.dfm*Forms</Misc_Files>
                    <Misc_Files Name="Item78">src\Forms\BlockChain\MicroCoin.Forms.BlockChain.Explorer.dfm*Forms</Misc_Files>
                    <Misc_Files Name="Item79">src\Forms\Common\MicroCoin.Forms.AccountSelectDialog.dfm*Forms</Misc_Files>
                    <Misc_Files Name="Item80">src\Forms\Common\MicroCoin.Forms.Common.About.dfm*Forms</Misc_Files>
                    <Misc_Files Name="Item81">src\Forms\Common\MicroCoin.Forms.Common.Settings.dfm*Forms</Misc_Files>
                    <Misc_Files Name="Item82">src\Forms\Keys\MicroCoin.Forms.Keys.KeyManager.dfm*Forms</Misc_Files>
                    <Misc_Files Name="Item83">src\Forms\MicroCoin.Forms.MainForm.dfm*Forms</Misc_Files>
                    <Misc_Files Name="Item84">src\Forms\Transactions\MicroCoin.Forms.BuyAccount.dfm*Forms</Misc_Files>
                    <Misc_Files Name="Item85">src\Forms\Transactions\MicroCoin.Forms.ChangeAccountKey.dfm*Forms</Misc_Files>
                    <Misc_Files Name="Item86">src\Forms\Transactions\MicroCoin.Forms.EditAccount.dfm*Forms</Misc_Files>
                    <Misc_Files Name="Item87">src\Forms\Transactions\MicroCoin.Forms.SellAccount.dfm*Forms</Misc_Files>
                    <Misc_Files Name="Item88">src\Forms\Transactions\MicroCoin.Forms.Transaction.CreateSubAccount.dfm*Forms</Misc_Files>
                    <Misc_Files Name="Item89">src\Forms\Transactions\MicroCoin.Forms.Transaction.Explorer.dfm*Forms</Misc_Files>
                    <Misc_Files Name="Item90">src\Forms\Transactions\MicroCoin.Forms.Transaction.History.dfm*Forms</Misc_Files>
                    <Misc_Files Name="Item91">src\Forms\BlockChain\MicroCoin.Forms.BlockChain.Explorer.dfm*Forms</Misc_Files>
                    <Misc_Files Name="Item92">src\Forms\Common\MicroCoin.Forms.AccountSelectDialog.dfm*Forms</Misc_Files>
                    <Misc_Files Name="Item93">src\Forms\Common\MicroCoin.Forms.Common.About.dfm*Forms</Misc_Files>
                    <Misc_Files Name="Item94">src\Forms\Common\MicroCoin.Forms.Common.Settings.dfm*Forms</Misc_Files>
                    <Misc_Files Name="Item95">src\Forms\Keys\MicroCoin.Forms.Keys.KeyManager.dfm*Forms</Misc_Files>
                    <Misc_Files Name="Item96">src\Forms\MicroCoin.Forms.MainForm.dfm*Forms</Misc_Files>
                    <Misc_Files Name="Item97">src\Forms\Transactions\MicroCoin.Forms.BuyAccount.dfm*Forms</Misc_Files>
                    <Misc_Files Name="Item98">src\Forms\Transactions\MicroCoin.Forms.ChangeAccountKey.dfm*Forms</Misc_Files>
                    <Misc_Files Name="Item99">src\Forms\Transactions\MicroCoin.Forms.EditAccount.dfm*Forms</Misc_Files>
                    <Misc_Files Name="Item100">src\Forms\Transactions\MicroCoin.Forms.SellAccount.dfm*Forms</Misc_Files>
                    <Misc_Files Name="Item101">src\Forms\Transactions\MicroCoin.Forms.Transaction.CreateSubAccount.dfm*Forms</Misc_Files>
                    <Misc_Files Name="Item102">src\Forms\Transactions\MicroCoin.Forms.Transaction.Explorer.dfm*Forms</Misc_Files>
                    <Misc_Files Name="Item103">src\Forms\Transactions\MicroCoin.Forms.Transaction.History.dfm*Forms</Misc_Files>
                    <Misc_Files Name="Item104">\src\Forms\BlockChain\MicroCoin.Forms.BlockChain.Explorer.dfm*Forms</Misc_Files>
                    <Misc_Files Name="Item105">\src\Forms\Common\MicroCoin.Forms.AccountSelectDialog.dfm*Forms</Misc_Files>
                    <Misc_Files Name="Item106">\src\Forms\Common\MicroCoin.Forms.Common.About.dfm*Forms</Misc_Files>
                    <Misc_Files Name="Item107">\src\Forms\Common\MicroCoin.Forms.Common.Settings.dfm*Forms</Misc_Files>
                    <Misc_Files Name="Item108">\src\Forms\Keys\MicroCoin.Forms.Keys.KeyManager.dfm*Forms</Misc_Files>
                    <Misc_Files Name="Item109">\src\Forms\MicroCoin.Forms.MainForm.dfm*Forms</Misc_Files>
                    <Misc_Files Name="Item110">\src\Forms\Transactions\MicroCoin.Forms.BuyAccount.dfm*Forms</Misc_Files>
                    <Misc_Files Name="Item111">\src\Forms\Transactions\MicroCoin.Forms.ChangeAccountKey.dfm*Forms</Misc_Files>
                    <Misc_Files Name="Item112">\src\Forms\Transactions\MicroCoin.Forms.EditAccount.dfm*Forms</Misc_Files>
                    <Misc_Files Name="Item113">\src\Forms\Transactions\MicroCoin.Forms.SellAccount.dfm*Forms</Misc_Files>
                    <Misc_Files Name="Item114">\src\Forms\Transactions\MicroCoin.Forms.Transaction.CreateSubAccount.dfm*Forms</Misc_Files>
                    <Misc_Files Name="Item115">\src\Forms\Transactions\MicroCoin.Forms.Transaction.Explorer.dfm*Forms</Misc_Files>
                    <Misc_Files Name="Item116">\src\Forms\Transactions\MicroCoin.Forms.Transaction.History.dfm*Forms</Misc_Files>
                    <Misc_Files Name="Item117">\src\Forms\BlockChain\MicroCoin.Forms.BlockChain.Explorer.dfm*Forms</Misc_Files>
                    <Misc_Files Name="Item118">\src\Forms\Common\MicroCoin.Forms.AccountSelectDialog.dfm*Forms</Misc_Files>
                    <Misc_Files Name="Item119">\src\Forms\Common\MicroCoin.Forms.Common.About.dfm*Forms</Misc_Files>
                    <Misc_Files Name="Item120">\src\Forms\Common\MicroCoin.Forms.Common.Settings.dfm*Forms</Misc_Files>
                    <Misc_Files Name="Item121">\src\Forms\Keys\MicroCoin.Forms.Keys.KeyManager.dfm*Forms</Misc_Files>
                    <Misc_Files Name="Item122">\src\Forms\MicroCoin.Forms.MainForm.dfm*Forms</Misc_Files>
                    <Misc_Files Name="Item123">\src\Forms\Transactions\MicroCoin.Forms.BuyAccount.dfm*Forms</Misc_Files>
                    <Misc_Files Name="Item124">\src\Forms\Transactions\MicroCoin.Forms.ChangeAccountKey.dfm*Forms</Misc_Files>
                    <Misc_Files Name="Item125">\src\Forms\Transactions\MicroCoin.Forms.EditAccount.dfm*Forms</Misc_Files>
                    <Misc_Files Name="Item126">\src\Forms\Transactions\MicroCoin.Forms.SellAccount.dfm*Forms</Misc_Files>
                    <Misc_Files Name="Item127">\src\Forms\Transactions\MicroCoin.Forms.Transaction.CreateSubAccount.dfm*Forms</Misc_Files>
                    <Misc_Files Name="Item128">\src\Forms\Transactions\MicroCoin.Forms.Transaction.Explorer.dfm*Forms</Misc_Files>
                    <Misc_Files Name="Item129">\src\Forms\Transactions\MicroCoin.Forms.Transaction.History.dfm*Forms</Misc_Files>
                    <Misc_Files Name="Item130">\src\Forms\BlockChain\MicroCoin.Forms.BlockChain.Explorer.dfm*Forms</Misc_Files>
                    <Misc_Files Name="Item131">\src\Forms\Common\MicroCoin.Forms.AccountSelectDialog.dfm*Forms</Misc_Files>
                    <Misc_Files Name="Item132">\src\Forms\Common\MicroCoin.Forms.Common.About.dfm*Forms</Misc_Files>
                    <Misc_Files Name="Item133">\src\Forms\Common\MicroCoin.Forms.Common.Settings.dfm*Forms</Misc_Files>
                    <Misc_Files Name="Item134">\src\Forms\Keys\MicroCoin.Forms.Keys.KeyManager.dfm*Forms</Misc_Files>
                    <Misc_Files Name="Item135">\src\Forms\MicroCoin.Forms.MainForm.dfm*Forms</Misc_Files>
                    <Misc_Files Name="Item136">\src\Forms\Transactions\MicroCoin.Forms.BuyAccount.dfm*Forms</Misc_Files>
                    <Misc_Files Name="Item137">\src\Forms\Transactions\MicroCoin.Forms.ChangeAccountKey.dfm*Forms</Misc_Files>
                    <Misc_Files Name="Item138">\src\Forms\Transactions\MicroCoin.Forms.EditAccount.dfm*Forms</Misc_Files>
                    <Misc_Files Name="Item139">\src\Forms\Transactions\MicroCoin.Forms.SellAccount.dfm*Forms</Misc_Files>
                    <Misc_Files Name="Item140">\src\Forms\Transactions\MicroCoin.Forms.Transaction.CreateSubAccount.dfm*Forms</Misc_Files>
                    <Misc_Files Name="Item141">\src\Forms\Transactions\MicroCoin.Forms.Transaction.Explorer.dfm*Forms</Misc_Files>
                    <Misc_Files Name="Item142">\src\Forms\Transactions\MicroCoin.Forms.Transaction.History.dfm*Forms</Misc_Files>
                    <Misc_Files Name="Item143">\src\Forms\BlockChain\MicroCoin.Forms.BlockChain.Explorer.dfm*Forms</Misc_Files>
                    <Misc_Files Name="Item144">\src\Forms\Common\MicroCoin.Forms.AccountSelectDialog.dfm*Forms</Misc_Files>
                    <Misc_Files Name="Item145">\src\Forms\Common\MicroCoin.Forms.Common.About.dfm*Forms</Misc_Files>
                    <Misc_Files Name="Item146">\src\Forms\Common\MicroCoin.Forms.Common.Settings.dfm*Forms</Misc_Files>
                    <Misc_Files Name="Item147">\src\Forms\Keys\MicroCoin.Forms.Keys.KeyManager.dfm*Forms</Misc_Files>
                    <Misc_Files Name="Item148">\src\Forms\MicroCoin.Forms.MainForm.dfm*Forms</Misc_Files>
                    <Misc_Files Name="Item149">\src\Forms\Transactions\MicroCoin.Forms.BuyAccount.dfm*Forms</Misc_Files>
                    <Misc_Files Name="Item150">\src\Forms\Transactions\MicroCoin.Forms.ChangeAccountKey.dfm*Forms</Misc_Files>
                    <Misc_Files Name="Item151">\src\Forms\Transactions\MicroCoin.Forms.EditAccount.dfm*Forms</Misc_Files>
                    <Misc_Files Name="Item152">\src\Forms\Transactions\MicroCoin.Forms.SellAccount.dfm*Forms</Misc_Files>
                    <Misc_Files Name="Item153">\src\Forms\Transactions\MicroCoin.Forms.Transaction.CreateSubAccount.dfm*Forms</Misc_Files>
                    <Misc_Files Name="Item154">\src\Forms\Transactions\MicroCoin.Forms.Transaction.Explorer.dfm*Forms</Misc_Files>
                    <Misc_Files Name="Item155">\src\Forms\Transactions\MicroCoin.Forms.Transaction.History.dfm*Forms</Misc_Files>
                    <Misc_Files Name="Item156">\src\Forms\BlockChain\MicroCoin.Forms.BlockChain.Explorer.dfm*Forms</Misc_Files>
                    <Misc_Files Name="Item157">\src\Forms\Common\MicroCoin.Forms.AccountSelectDialog.dfm*Forms</Misc_Files>
                    <Misc_Files Name="Item158">\src\Forms\Common\MicroCoin.Forms.Common.About.dfm*Forms</Misc_Files>
                    <Misc_Files Name="Item159">\src\Forms\Common\MicroCoin.Forms.Common.Settings.dfm*Forms</Misc_Files>
                    <Misc_Files Name="Item160">\src\Forms\Keys\MicroCoin.Forms.Keys.KeyManager.dfm*Forms</Misc_Files>
                    <Misc_Files Name="Item161">\src\Forms\MicroCoin.Forms.MainForm.dfm*Forms</Misc_Files>
                    <Misc_Files Name="Item162">\src\Forms\Transactions\MicroCoin.Forms.BuyAccount.dfm*Forms</Misc_Files>
                    <Misc_Files Name="Item163">\src\Forms\Transactions\MicroCoin.Forms.ChangeAccountKey.dfm*Forms</Misc_Files>
                    <Misc_Files Name="Item164">\src\Forms\Transactions\MicroCoin.Forms.EditAccount.dfm*Forms</Misc_Files>
                    <Misc_Files Name="Item165">\src\Forms\Transactions\MicroCoin.Forms.SellAccount.dfm*Forms</Misc_Files>
                    <Misc_Files Name="Item166">\src\Forms\Transactions\MicroCoin.Forms.Transaction.CreateSubAccount.dfm*Forms</Misc_Files>
                    <Misc_Files Name="Item167">\src\Forms\Transactions\MicroCoin.Forms.Transaction.Explorer.dfm*Forms</Misc_Files>
                    <Misc_Files Name="Item168">\src\Forms\Transactions\MicroCoin.Forms.Transaction.History.dfm*Forms</Misc_Files>
                    <Misc_Files Name="Item169">\src\Forms\BlockChain\MicroCoin.Forms.BlockChain.Explorer.dfm*Forms</Misc_Files>
                    <Misc_Files Name="Item170">\src\Forms\Common\MicroCoin.Forms.AccountSelectDialog.dfm*Forms</Misc_Files>
                    <Misc_Files Name="Item171">\src\Forms\Common\MicroCoin.Forms.Common.About.dfm*Forms</Misc_Files>
                    <Misc_Files Name="Item172">\src\Forms\Common\MicroCoin.Forms.Common.Settings.dfm*Forms</Misc_Files>
                    <Misc_Files Name="Item173">\src\Forms\Keys\MicroCoin.Forms.Keys.KeyManager.dfm*Forms</Misc_Files>
                    <Misc_Files Name="Item174">\src\Forms\MicroCoin.Forms.MainForm.dfm*Forms</Misc_Files>
                    <Misc_Files Name="Item175">\src\Forms\Transactions\MicroCoin.Forms.BuyAccount.dfm*Forms</Misc_Files>
                    <Misc_Files Name="Item176">\src\Forms\Transactions\MicroCoin.Forms.ChangeAccountKey.dfm*Forms</Misc_Files>
                    <Misc_Files Name="Item177">\src\Forms\Transactions\MicroCoin.Forms.EditAccount.dfm*Forms</Misc_Files>
                    <Misc_Files Name="Item178">\src\Forms\Transactions\MicroCoin.Forms.SellAccount.dfm*Forms</Misc_Files>
                    <Misc_Files Name="Item179">\src\Forms\Transactions\MicroCoin.Forms.Transaction.CreateSubAccount.dfm*Forms</Misc_Files>
                    <Misc_Files Name="Item180">\src\Forms\Transactions\MicroCoin.Forms.Transaction.Explorer.dfm*Forms</Misc_Files>
                    <Misc_Files Name="Item181">\src\Forms\Transactions\MicroCoin.Forms.Transaction.History.dfm*Forms</Misc_Files>
                    <Misc_Files Name="Item182">\src\Forms\BlockChain\MicroCoin.Forms.BlockChain.Explorer.dfm*Forms</Misc_Files>
                    <Misc_Files Name="Item183">\src\Forms\Common\MicroCoin.Forms.AccountSelectDialog.dfm*Forms</Misc_Files>
                    <Misc_Files Name="Item184">\src\Forms\Common\MicroCoin.Forms.Common.About.dfm*Forms</Misc_Files>
                    <Misc_Files Name="Item185">\src\Forms\Common\MicroCoin.Forms.Common.Settings.dfm*Forms</Misc_Files>
                    <Misc_Files Name="Item186">\src\Forms\Keys\MicroCoin.Forms.Keys.KeyManager.dfm*Forms</Misc_Files>
                    <Misc_Files Name="Item187">\src\Forms\MicroCoin.Forms.MainForm.dfm*Forms</Misc_Files>
                    <Misc_Files Name="Item188">\src\Forms\Transactions\MicroCoin.Forms.BuyAccount.dfm*Forms</Misc_Files>
                    <Misc_Files Name="Item189">\src\Forms\Transactions\MicroCoin.Forms.ChangeAccountKey.dfm*Forms</Misc_Files>
                    <Misc_Files Name="Item190">\src\Forms\Transactions\MicroCoin.Forms.EditAccount.dfm*Forms</Misc_Files>
                    <Misc_Files Name="Item191">\src\Forms\Transactions\MicroCoin.Forms.SellAccount.dfm*Forms</Misc_Files>
                    <Misc_Files Name="Item192">\src\Forms\Transactions\MicroCoin.Forms.Transaction.CreateSubAccount.dfm*Forms</Misc_Files>
                    <Misc_Files Name="Item193">\src\Forms\Transactions\MicroCoin.Forms.Transaction.Explorer.dfm*Forms</Misc_Files>
                    <Misc_Files Name="Item194">\src\Forms\Transactions\MicroCoin.Forms.Transaction.History.dfm*Forms</Misc_Files>
                    <Misc_Files Name="Item195">\src\Forms\BlockChain\MicroCoin.Forms.BlockChain.Explorer.dfm*Forms</Misc_Files>
                    <Misc_Files Name="Item196">\src\Forms\Common\MicroCoin.Forms.AccountSelectDialog.dfm*Forms</Misc_Files>
                    <Misc_Files Name="Item197">\src\Forms\Common\MicroCoin.Forms.Common.About.dfm*Forms</Misc_Files>
                    <Misc_Files Name="Item198">\src\Forms\Common\MicroCoin.Forms.Common.Settings.dfm*Forms</Misc_Files>
                    <Misc_Files Name="Item199">\src\Forms\Keys\MicroCoin.Forms.Keys.KeyManager.dfm*Forms</Misc_Files>
                    <Misc_Files Name="Item200">\src\Forms\MicroCoin.Forms.MainForm.dfm*Forms</Misc_Files>
                    <Misc_Files Name="Item201">\src\Forms\Transactions\MicroCoin.Forms.BuyAccount.dfm*Forms</Misc_Files>
                    <Misc_Files Name="Item202">\src\Forms\Transactions\MicroCoin.Forms.ChangeAccountKey.dfm*Forms</Misc_Files>
                    <Misc_Files Name="Item203">\src\Forms\Transactions\MicroCoin.Forms.EditAccount.dfm*Forms</Misc_Files>
                    <Misc_Files Name="Item204">\src\Forms\Transactions\MicroCoin.Forms.SellAccount.dfm*Forms</Misc_Files>
                    <Misc_Files Name="Item205">\src\Forms\Transactions\MicroCoin.Forms.Transaction.CreateSubAccount.dfm*Forms</Misc_Files>
                    <Misc_Files Name="Item206">\src\Forms\Transactions\MicroCoin.Forms.Transaction.Explorer.dfm*Forms</Misc_Files>
                    <Misc_Files Name="Item207">\src\Forms\Transactions\MicroCoin.Forms.Transaction.History.dfm*Forms</Misc_Files>
                    <Misc_Files Name="Item208">\\src\Forms\BlockChain\MicroCoin.Forms.BlockChain.Explorer.dfm*Forms</Misc_Files>
                    <Misc_Files Name="Item209">\\src\Forms\Common\MicroCoin.Forms.AccountSelectDialog.dfm*Forms</Misc_Files>
                    <Misc_Files Name="Item210">\\src\Forms\Common\MicroCoin.Forms.Common.About.dfm*Forms</Misc_Files>
                    <Misc_Files Name="Item211">\\src\Forms\Common\MicroCoin.Forms.Common.Settings.dfm*Forms</Misc_Files>
                    <Misc_Files Name="Item212">\\src\Forms\Keys\MicroCoin.Forms.Keys.KeyManager.dfm*Forms</Misc_Files>
                    <Misc_Files Name="Item213">\\src\Forms\MicroCoin.Forms.MainForm.dfm*Forms</Misc_Files>
                    <Misc_Files Name="Item214">\\src\Forms\Transactions\MicroCoin.Forms.BuyAccount.dfm*Forms</Misc_Files>
                    <Misc_Files Name="Item215">\\src\Forms\Transactions\MicroCoin.Forms.ChangeAccountKey.dfm*Forms</Misc_Files>
                    <Misc_Files Name="Item216">\\src\Forms\Transactions\MicroCoin.Forms.EditAccount.dfm*Forms</Misc_Files>
                    <Misc_Files Name="Item217">\\src\Forms\Transactions\MicroCoin.Forms.SellAccount.dfm*Forms</Misc_Files>
                    <Misc_Files Name="Item218">\\src\Forms\Transactions\MicroCoin.Forms.Transaction.CreateSubAccount.dfm*Forms</Misc_Files>
                    <Misc_Files Name="Item219">\\src\Forms\Transactions\MicroCoin.Forms.Transaction.Explorer.dfm*Forms</Misc_Files>
                    <Misc_Files Name="Item220">\\src\Forms\Transactions\MicroCoin.Forms.Transaction.History.dfm*Forms</Misc_Files>
                </Misc_Files>
                <RDP_Source_Files>
                    <RDP_Source_Files Name="Item0">src\Forms\Common\MicroCoin.Forms.AccountSelectDialog.dfm</RDP_Source_Files>
                    <RDP_Source_Files Name="Item1">src\Forms\BlockChain\MicroCoin.Forms.BlockChain.Explorer.dfm</RDP_Source_Files>
                    <RDP_Source_Files Name="Item2">src\Forms\Common\MicroCoin.Forms.Common.About.dfm</RDP_Source_Files>
                    <RDP_Source_Files Name="Item3">src\Forms\Common\MicroCoin.Forms.Common.Settings.dfm</RDP_Source_Files>
                    <RDP_Source_Files Name="Item4">src\Forms\Keys\MicroCoin.Forms.Keys.KeyManager.dfm</RDP_Source_Files>
                    <RDP_Source_Files Name="Item5">src\Forms\Transactions\MicroCoin.Forms.BuyAccount.dfm</RDP_Source_Files>
                    <RDP_Source_Files Name="Item6">src\Forms\Transactions\MicroCoin.Forms.ChangeAccountKey.dfm</RDP_Source_Files>
                    <RDP_Source_Files Name="Item7">src\Forms\Transactions\MicroCoin.Forms.EditAccount.dfm</RDP_Source_Files>
                    <RDP_Source_Files Name="Item8">src\Forms\Transactions\MicroCoin.Forms.SellAccount.dfm</RDP_Source_Files>
                    <RDP_Source_Files Name="Item9">src\Forms\Transactions\MicroCoin.Forms.Transaction.Explorer.dfm</RDP_Source_Files>
                    <RDP_Source_Files Name="Item10">src\Forms\Transactions\MicroCoin.Forms.Transaction.History.dfm</RDP_Source_Files>
                    <RDP_Source_Files Name="Item11">src\Forms\Exchange\MicroCoin.Exchange.MapleChange.dfm</RDP_Source_Files>
                    <RDP_Source_Files Name="Item12">src\Forms\MicroCoin.Forms.MainForm.dfm</RDP_Source_Files>
                    <RDP_Source_Files Name="Item13">..\bin\Win32\Release\MicroCoinWallet.drc</RDP_Source_Files>
                </RDP_Source_Files>
            </Delphi.Personality>
            <Platforms>
                <Platform value="Win32">True</Platform>
                <Platform value="Win64">True</Platform>
            </Platforms>
            <Deployment Version="3">
                <DeployFile LocalName="..\bin\Win32\Devnet\MicroCoinWallet.exe" Configuration="Devnet" Class="ProjectOutput">
                    <Platform Name="Win32">
                        <RemoteName>MicroCoinWallet.exe</RemoteName>
                        <Overwrite>true</Overwrite>
                    </Platform>
                </DeployFile>
                <DeployFile LocalName="..\bin\Win32\Release\MicroCoinWallet.exe" Configuration="Release" Class="ProjectOutput">
                    <Platform Name="Win32">
                        <RemoteName>MicroCoinWallet.exe</RemoteName>
                        <Overwrite>true</Overwrite>
                    </Platform>
                </DeployFile>
                <DeployFile LocalName="..\bin\Win32\Debug\MicroCoinWallet.exe" Configuration="Debug" Class="ProjectOutput">
                    <Platform Name="Win32">
                        <RemoteName>MicroCoinWallet.exe</RemoteName>
                        <Overwrite>true</Overwrite>
                    </Platform>
                </DeployFile>
                <DeployFile LocalName="..\bin\Win32\Testnet\MicroCoinWallet.exe" Configuration="Testnet" Class="ProjectOutput">
                    <Platform Name="Win32">
                        <RemoteName>MicroCoinWallet.exe</RemoteName>
                        <Overwrite>true</Overwrite>
                    </Platform>
                </DeployFile>
                <DeployClass Name="AdditionalDebugSymbols">
                    <Platform Name="iOSSimulator">
                        <Operation>1</Operation>
                    </Platform>
                    <Platform Name="OSX32">
                        <RemoteDir>Contents\MacOS</RemoteDir>
                        <Operation>1</Operation>
                    </Platform>
                    <Platform Name="Win32">
                        <RemoteDir>Contents\MacOS</RemoteDir>
                        <Operation>0</Operation>
                    </Platform>
                </DeployClass>
                <DeployClass Name="AndroidClassesDexFile">
                    <Platform Name="Android">
                        <RemoteDir>classes</RemoteDir>
                        <Operation>1</Operation>
                    </Platform>
                </DeployClass>
                <DeployClass Name="AndroidGDBServer">
                    <Platform Name="Android">
                        <RemoteDir>library\lib\armeabi-v7a</RemoteDir>
                        <Operation>1</Operation>
                    </Platform>
                </DeployClass>
                <DeployClass Name="AndroidLibnativeArmeabiFile">
                    <Platform Name="Android">
                        <RemoteDir>library\lib\armeabi</RemoteDir>
                        <Operation>1</Operation>
                    </Platform>
                </DeployClass>
                <DeployClass Name="AndroidLibnativeMipsFile">
                    <Platform Name="Android">
                        <RemoteDir>library\lib\mips</RemoteDir>
                        <Operation>1</Operation>
                    </Platform>
                </DeployClass>
                <DeployClass Name="AndroidServiceOutput">
                    <Platform Name="Android">
                        <RemoteDir>library\lib\armeabi-v7a</RemoteDir>
                        <Operation>1</Operation>
                    </Platform>
                </DeployClass>
                <DeployClass Name="AndroidSplashImageDef">
                    <Platform Name="Android">
                        <RemoteDir>res\drawable</RemoteDir>
                        <Operation>1</Operation>
                    </Platform>
                </DeployClass>
                <DeployClass Name="AndroidSplashStyles">
                    <Platform Name="Android">
                        <RemoteDir>res\values</RemoteDir>
                        <Operation>1</Operation>
                    </Platform>
                </DeployClass>
                <DeployClass Name="Android_DefaultAppIcon">
                    <Platform Name="Android">
                        <RemoteDir>res\drawable</RemoteDir>
                        <Operation>1</Operation>
                    </Platform>
                </DeployClass>
                <DeployClass Name="Android_LauncherIcon144">
                    <Platform Name="Android">
                        <RemoteDir>res\drawable-xxhdpi</RemoteDir>
                        <Operation>1</Operation>
                    </Platform>
                </DeployClass>
                <DeployClass Name="Android_LauncherIcon36">
                    <Platform Name="Android">
                        <RemoteDir>res\drawable-ldpi</RemoteDir>
                        <Operation>1</Operation>
                    </Platform>
                </DeployClass>
                <DeployClass Name="Android_LauncherIcon48">
                    <Platform Name="Android">
                        <RemoteDir>res\drawable-mdpi</RemoteDir>
                        <Operation>1</Operation>
                    </Platform>
                </DeployClass>
                <DeployClass Name="Android_LauncherIcon72">
                    <Platform Name="Android">
                        <RemoteDir>res\drawable-hdpi</RemoteDir>
                        <Operation>1</Operation>
                    </Platform>
                </DeployClass>
                <DeployClass Name="Android_LauncherIcon96">
                    <Platform Name="Android">
                        <RemoteDir>res\drawable-xhdpi</RemoteDir>
                        <Operation>1</Operation>
                    </Platform>
                </DeployClass>
                <DeployClass Name="Android_SplashImage426">
                    <Platform Name="Android">
                        <RemoteDir>res\drawable-small</RemoteDir>
                        <Operation>1</Operation>
                    </Platform>
                </DeployClass>
                <DeployClass Name="Android_SplashImage470">
                    <Platform Name="Android">
                        <RemoteDir>res\drawable-normal</RemoteDir>
                        <Operation>1</Operation>
                    </Platform>
                </DeployClass>
                <DeployClass Name="Android_SplashImage640">
                    <Platform Name="Android">
                        <RemoteDir>res\drawable-large</RemoteDir>
                        <Operation>1</Operation>
                    </Platform>
                </DeployClass>
                <DeployClass Name="Android_SplashImage960">
                    <Platform Name="Android">
                        <RemoteDir>res\drawable-xlarge</RemoteDir>
                        <Operation>1</Operation>
                    </Platform>
                </DeployClass>
                <DeployClass Name="DebugSymbols">
                    <Platform Name="iOSSimulator">
                        <Operation>1</Operation>
                    </Platform>
                    <Platform Name="OSX32">
                        <RemoteDir>Contents\MacOS</RemoteDir>
                        <Operation>1</Operation>
                    </Platform>
                    <Platform Name="Win32">
                        <Operation>0</Operation>
                    </Platform>
                </DeployClass>
                <DeployClass Name="DependencyFramework">
                    <Platform Name="OSX32">
                        <RemoteDir>Contents\MacOS</RemoteDir>
                        <Operation>1</Operation>
                        <Extensions>.framework</Extensions>
                    </Platform>
                    <Platform Name="Win32">
                        <Operation>0</Operation>
                    </Platform>
                </DeployClass>
                <DeployClass Name="DependencyModule">
                    <Platform Name="iOSDevice32">
                        <Operation>1</Operation>
                        <Extensions>.dylib</Extensions>
                    </Platform>
                    <Platform Name="iOSDevice64">
                        <Operation>1</Operation>
                        <Extensions>.dylib</Extensions>
                    </Platform>
                    <Platform Name="iOSSimulator">
                        <Operation>1</Operation>
                        <Extensions>.dylib</Extensions>
                    </Platform>
                    <Platform Name="OSX32">
                        <RemoteDir>Contents\MacOS</RemoteDir>
                        <Operation>1</Operation>
                        <Extensions>.dylib</Extensions>
                    </Platform>
                    <Platform Name="Win32">
                        <Operation>0</Operation>
                        <Extensions>.dll;.bpl</Extensions>
                    </Platform>
                </DeployClass>
                <DeployClass Required="true" Name="DependencyPackage">
                    <Platform Name="iOSDevice32">
                        <Operation>1</Operation>
                        <Extensions>.dylib</Extensions>
                    </Platform>
                    <Platform Name="iOSDevice64">
                        <Operation>1</Operation>
                        <Extensions>.dylib</Extensions>
                    </Platform>
                    <Platform Name="iOSSimulator">
                        <Operation>1</Operation>
                        <Extensions>.dylib</Extensions>
                    </Platform>
                    <Platform Name="OSX32">
                        <RemoteDir>Contents\MacOS</RemoteDir>
                        <Operation>1</Operation>
                        <Extensions>.dylib</Extensions>
                    </Platform>
                    <Platform Name="Win32">
                        <Operation>0</Operation>
                        <Extensions>.bpl</Extensions>
                    </Platform>
                </DeployClass>
                <DeployClass Name="File">
                    <Platform Name="Android">
                        <Operation>0</Operation>
                    </Platform>
                    <Platform Name="iOSDevice32">
                        <Operation>0</Operation>
                    </Platform>
                    <Platform Name="iOSDevice64">
                        <Operation>0</Operation>
                    </Platform>
                    <Platform Name="iOSSimulator">
                        <Operation>0</Operation>
                    </Platform>
                    <Platform Name="OSX32">
                        <RemoteDir>Contents\Resources\StartUp\</RemoteDir>
                        <Operation>0</Operation>
                    </Platform>
                    <Platform Name="Win32">
                        <Operation>0</Operation>
                    </Platform>
                </DeployClass>
                <DeployClass Name="iPad_Launch1024">
                    <Platform Name="iOSDevice32">
                        <Operation>1</Operation>
                    </Platform>
                    <Platform Name="iOSDevice64">
                        <Operation>1</Operation>
                    </Platform>
                    <Platform Name="iOSSimulator">
                        <Operation>1</Operation>
                    </Platform>
                </DeployClass>
                <DeployClass Name="iPad_Launch1536">
                    <Platform Name="iOSDevice32">
                        <Operation>1</Operation>
                    </Platform>
                    <Platform Name="iOSDevice64">
                        <Operation>1</Operation>
                    </Platform>
                    <Platform Name="iOSSimulator">
                        <Operation>1</Operation>
                    </Platform>
                </DeployClass>
                <DeployClass Name="iPad_Launch2048">
                    <Platform Name="iOSDevice32">
                        <Operation>1</Operation>
                    </Platform>
                    <Platform Name="iOSDevice64">
                        <Operation>1</Operation>
                    </Platform>
                    <Platform Name="iOSSimulator">
                        <Operation>1</Operation>
                    </Platform>
                </DeployClass>
                <DeployClass Name="iPad_Launch768">
                    <Platform Name="iOSDevice32">
                        <Operation>1</Operation>
                    </Platform>
                    <Platform Name="iOSDevice64">
                        <Operation>1</Operation>
                    </Platform>
                    <Platform Name="iOSSimulator">
                        <Operation>1</Operation>
                    </Platform>
                </DeployClass>
                <DeployClass Name="iPhone_Launch320">
                    <Platform Name="iOSDevice32">
                        <Operation>1</Operation>
                    </Platform>
                    <Platform Name="iOSDevice64">
                        <Operation>1</Operation>
                    </Platform>
                    <Platform Name="iOSSimulator">
                        <Operation>1</Operation>
                    </Platform>
                </DeployClass>
                <DeployClass Name="iPhone_Launch640">
                    <Platform Name="iOSDevice32">
                        <Operation>1</Operation>
                    </Platform>
                    <Platform Name="iOSDevice64">
                        <Operation>1</Operation>
                    </Platform>
                    <Platform Name="iOSSimulator">
                        <Operation>1</Operation>
                    </Platform>
                </DeployClass>
                <DeployClass Name="iPhone_Launch640x1136">
                    <Platform Name="iOSDevice32">
                        <Operation>1</Operation>
                    </Platform>
                    <Platform Name="iOSDevice64">
                        <Operation>1</Operation>
                    </Platform>
                    <Platform Name="iOSSimulator">
                        <Operation>1</Operation>
                    </Platform>
                </DeployClass>
                <DeployClass Name="ProjectAndroidManifest">
                    <Platform Name="Android">
                        <Operation>1</Operation>
                    </Platform>
                </DeployClass>
                <DeployClass Name="ProjectiOSDeviceDebug">
                    <Platform Name="iOSDevice32">
                        <RemoteDir>..\$(PROJECTNAME).app.dSYM\Contents\Resources\DWARF</RemoteDir>
                        <Operation>1</Operation>
                    </Platform>
                    <Platform Name="iOSDevice64">
                        <RemoteDir>..\$(PROJECTNAME).app.dSYM\Contents\Resources\DWARF</RemoteDir>
                        <Operation>1</Operation>
                    </Platform>
                </DeployClass>
                <DeployClass Name="ProjectiOSDeviceResourceRules">
                    <Platform Name="iOSDevice32">
                        <Operation>1</Operation>
                    </Platform>
                    <Platform Name="iOSDevice64">
                        <Operation>1</Operation>
                    </Platform>
                </DeployClass>
                <DeployClass Name="ProjectiOSEntitlements">
                    <Platform Name="iOSDevice32">
                        <RemoteDir>..\</RemoteDir>
                        <Operation>1</Operation>
                    </Platform>
                    <Platform Name="iOSDevice64">
                        <RemoteDir>..\</RemoteDir>
                        <Operation>1</Operation>
                    </Platform>
                </DeployClass>
                <DeployClass Name="ProjectiOSInfoPList">
                    <Platform Name="iOSDevice32">
                        <Operation>1</Operation>
                    </Platform>
                    <Platform Name="iOSDevice64">
                        <Operation>1</Operation>
                    </Platform>
                    <Platform Name="iOSSimulator">
                        <Operation>1</Operation>
                    </Platform>
                </DeployClass>
                <DeployClass Name="ProjectiOSResource">
                    <Platform Name="iOSDevice32">
                        <Operation>1</Operation>
                    </Platform>
                    <Platform Name="iOSDevice64">
                        <Operation>1</Operation>
                    </Platform>
                    <Platform Name="iOSSimulator">
                        <Operation>1</Operation>
                    </Platform>
                </DeployClass>
                <DeployClass Name="ProjectOSXEntitlements">
                    <Platform Name="OSX32">
                        <RemoteDir>..\</RemoteDir>
                        <Operation>1</Operation>
                    </Platform>
                </DeployClass>
                <DeployClass Name="ProjectOSXInfoPList">
                    <Platform Name="OSX32">
                        <RemoteDir>Contents</RemoteDir>
                        <Operation>1</Operation>
                    </Platform>
                </DeployClass>
                <DeployClass Name="ProjectOSXResource">
                    <Platform Name="OSX32">
                        <RemoteDir>Contents\Resources</RemoteDir>
                        <Operation>1</Operation>
                    </Platform>
                </DeployClass>
                <DeployClass Required="true" Name="ProjectOutput">
                    <Platform Name="Android">
                        <RemoteDir>library\lib\armeabi-v7a</RemoteDir>
                        <Operation>1</Operation>
                    </Platform>
                    <Platform Name="iOSDevice32">
                        <Operation>1</Operation>
                    </Platform>
                    <Platform Name="iOSDevice64">
                        <Operation>1</Operation>
                    </Platform>
                    <Platform Name="iOSSimulator">
                        <Operation>1</Operation>
                    </Platform>
                    <Platform Name="Linux64">
                        <Operation>1</Operation>
                    </Platform>
                    <Platform Name="OSX32">
                        <RemoteDir>Contents\MacOS</RemoteDir>
                        <Operation>1</Operation>
                    </Platform>
                    <Platform Name="Win32">
                        <Operation>0</Operation>
                    </Platform>
                </DeployClass>
                <DeployClass Name="ProjectUWPManifest">
                    <Platform Name="Win32">
                        <Operation>1</Operation>
                    </Platform>
                    <Platform Name="Win64">
                        <Operation>1</Operation>
                    </Platform>
                </DeployClass>
                <DeployClass Name="UWP_DelphiLogo150">
                    <Platform Name="Win32">
                        <RemoteDir>Assets</RemoteDir>
                        <Operation>1</Operation>
                    </Platform>
                    <Platform Name="Win64">
                        <RemoteDir>Assets</RemoteDir>
                        <Operation>1</Operation>
                    </Platform>
                </DeployClass>
                <DeployClass Name="UWP_DelphiLogo44">
                    <Platform Name="Win32">
                        <RemoteDir>Assets</RemoteDir>
                        <Operation>1</Operation>
                    </Platform>
                    <Platform Name="Win64">
                        <RemoteDir>Assets</RemoteDir>
                        <Operation>1</Operation>
                    </Platform>
                </DeployClass>
                <ProjectRoot Platform="iOSDevice64" Name="$(PROJECTNAME).app"/>
                <ProjectRoot Platform="Win64" Name="$(PROJECTNAME)"/>
                <ProjectRoot Platform="iOSDevice32" Name="$(PROJECTNAME).app"/>
                <ProjectRoot Platform="Linux64" Name="$(PROJECTNAME)"/>
                <ProjectRoot Platform="Win32" Name="$(PROJECTNAME)"/>
                <ProjectRoot Platform="OSX32" Name="$(PROJECTNAME).app"/>
                <ProjectRoot Platform="Android" Name="$(PROJECTNAME)"/>
                <ProjectRoot Platform="iOSSimulator" Name="$(PROJECTNAME).app"/>
            </Deployment>
        </BorlandProject>
        <ProjectFileVersion>12</ProjectFileVersion>
    </ProjectExtensions>
    <Import Project="$(BDS)\Bin\CodeGear.Delphi.Targets" Condition="Exists('$(BDS)\Bin\CodeGear.Delphi.Targets')"/>
    <Import Project="$(APPDATA)\Embarcadero\$(BDSAPPDATABASEDIR)\$(PRODUCTVERSION)\UserTools.proj" Condition="Exists('$(APPDATA)\Embarcadero\$(BDSAPPDATABASEDIR)\$(PRODUCTVERSION)\UserTools.proj')"/>
    <Import Project="$(MSBuildProjectName).deployproj" Condition="Exists('$(MSBuildProjectName).deployproj')"/>
</Project>
