<?xml version="1.0" encoding="UTF-8"?>
<CONFIG>
  <ProjectOptions>
    <Version Value="9"/>
    <PathDelim Value="\"/>
    <General>
      <Flags>
        <MainUnitHasUsesSectionForAllUnits Value="False"/>
        <MainUnitHasCreateFormStatements Value="False"/>
        <MainUnitHasTitleStatement Value="False"/>
      </Flags>
      <SessionStorage Value="InProjectDir"/>
      <MainUnit Value="0"/>
      <Title Value="MicroCoinWallet"/>
      <UseAppBundle Value="False"/>
      <ResourceType Value="res"/>
      <UseXPManifest Value="True"/>
      <Icon Value="0"/>
    </General>
    <i18n>
      <EnableI18N Value="True"/>
      <OutDir Value="resources\languages"/>
    </i18n>
    <VersionInfo>
      <UseVersionInfo Value="True"/>
      <MajorVersionNr Value="1"/>
      <StringTable ProductVersion="0.0.0.0"/>
    </VersionInfo>
    <BuildModes Count="7">
      <Item1 Name="Default" Default="True"/>
      <Item2 Name="i386">
        <CompilerOptions>
          <Version Value="11"/>
          <PathDelim Value="\"/>
          <Target>
            <Filename Value="bin\$(TargetCPU)-$(TargetOS)\$(BuildMode)\MicroCoinWallet"/>
          </Target>
          <SearchPaths>
            <IncludeFiles Value="$(ProjOutDir)"/>
            <OtherUnitFiles Value="src\MicroCoin\Synapse;src\Forms;src\MicroCoin\Core;src\MicroCoin\Utils;src\barcodes"/>
            <UnitOutputDirectory Value="lib\$(TargetCPU)-$(TargetOS)\$(BuildMode)"/>
          </SearchPaths>
          <Parsing>
            <SyntaxOptions>
              <SyntaxMode Value="Delphi"/>
            </SyntaxOptions>
          </Parsing>
          <CodeGeneration>
            <TargetCPU Value="i386"/>
            <TargetOS Value="win32"/>
            <Optimizations>
              <OptimizationLevel Value="3"/>
            </Optimizations>
          </CodeGeneration>
          <Linking>
            <Debugging>
              <GenerateDebugInfo Value="False"/>
              <StripSymbols Value="True"/>
            </Debugging>
            <Options>
              <Win32>
                <GraphicApplication Value="True"/>
              </Win32>
            </Options>
          </Linking>
          <Other>
            <CustomOptions Value="-dBorland -dVer150 -dDelphi7 -dCompiler6_Up -dPUREMCCAL -dPRODUCTION"/>
          </Other>
        </CompilerOptions>
      </Item2>
      <Item3 Name="Linux64">
        <CompilerOptions>
          <Version Value="11"/>
          <PathDelim Value="\"/>
          <Target>
            <Filename Value="bin\$(TargetCPU)-$(TargetOS)\$(BuildMode)\MicroCoinWallet"/>
          </Target>
          <SearchPaths>
            <IncludeFiles Value="$(ProjOutDir)"/>
            <OtherUnitFiles Value="src\MicroCoin\Synapse;src\Forms;src\MicroCoin\Core;src\MicroCoin\Utils;src\barcodes"/>
            <UnitOutputDirectory Value="lib\$(TargetCPU)-$(TargetOS)\$(BuildMode)"/>
          </SearchPaths>
          <Parsing>
            <SyntaxOptions>
              <SyntaxMode Value="Delphi"/>
            </SyntaxOptions>
          </Parsing>
          <CodeGeneration>
            <Optimizations>
              <OptimizationLevel Value="3"/>
            </Optimizations>
          </CodeGeneration>
          <Linking>
            <Debugging>
              <GenerateDebugInfo Value="False"/>
            </Debugging>
            <Options>
              <Win32>
                <GraphicApplication Value="True"/>
              </Win32>
            </Options>
          </Linking>
          <Other>
            <CustomOptions Value="-dBorland -dVer150 -dDelphi7 -dCompiler6_Up -dPUREMCCAL -dOpenSSL10 -dPRODUCTION"/>
          </Other>
        </CompilerOptions>
      </Item3>
      <Item4 Name="Linux32">
        <CompilerOptions>
          <Version Value="11"/>
          <PathDelim Value="\"/>
          <Target>
            <Filename Value="bin\$(TargetCPU)-$(TargetOS)\$(BuildMode)\MicroCoinWallet"/>
          </Target>
          <SearchPaths>
            <IncludeFiles Value="$(ProjOutDir)"/>
            <OtherUnitFiles Value="src\MicroCoin\Synapse;src\Forms;src\MicroCoin\Core;src\MicroCoin\Utils;src\barcodes"/>
            <UnitOutputDirectory Value="lib\$(TargetCPU)-$(TargetOS)\$(BuildMode)"/>
          </SearchPaths>
          <Parsing>
            <SyntaxOptions>
              <SyntaxMode Value="Delphi"/>
            </SyntaxOptions>
          </Parsing>
          <CodeGeneration>
            <TargetCPU Value="i386"/>
            <Optimizations>
              <OptimizationLevel Value="3"/>
            </Optimizations>
          </CodeGeneration>
          <Linking>
            <Debugging>
              <GenerateDebugInfo Value="False"/>
            </Debugging>
            <Options>
              <Win32>
                <GraphicApplication Value="True"/>
              </Win32>
            </Options>
          </Linking>
          <Other>
            <CustomOptions Value="-dBorland -dVer150 -dDelphi7 -dCompiler6_Up -dPUREMCCAL -dOpenSSL10 -dPRODUCTION"/>
          </Other>
        </CompilerOptions>
      </Item4>
      <Item5 Name="TESTNETi386">
        <CompilerOptions>
          <Version Value="11"/>
          <PathDelim Value="\"/>
          <Target>
            <Filename Value="bin\$(TargetCPU)-$(TargetOS)\$(BuildMode)\MicroCoinWallet"/>
          </Target>
          <SearchPaths>
            <IncludeFiles Value="$(ProjOutDir)"/>
            <OtherUnitFiles Value="src\MicroCoin\Synapse;src\Forms;src\MicroCoin\Core;src\MicroCoin\Utils;src\barcodes"/>
            <UnitOutputDirectory Value="lib\$(TargetCPU)-$(TargetOS)\$(BuildMode)"/>
          </SearchPaths>
          <Parsing>
            <SyntaxOptions>
              <SyntaxMode Value="Delphi"/>
            </SyntaxOptions>
          </Parsing>
          <CodeGeneration>
            <TargetCPU Value="i386"/>
            <TargetOS Value="win32"/>
            <Optimizations>
              <OptimizationLevel Value="0"/>
            </Optimizations>
          </CodeGeneration>
          <Linking>
            <Debugging>
              <GenerateDebugInfo Value="False"/>
            </Debugging>
            <Options>
              <Win32>
                <GraphicApplication Value="True"/>
              </Win32>
            </Options>
          </Linking>
          <Other>
            <CustomOptions Value="-dBorland
-dVer150
-dDelphi7
-dCompiler6_Up
-dPUREMCCAL
-dTESTNET"/>
            <OtherDefines Count="6">
              <Define0 Value="Borland"/>
              <Define1 Value="Ver150"/>
              <Define2 Value="Delphi7"/>
              <Define3 Value="Compiler6_Up"/>
              <Define4 Value="PUREMCCAL"/>
              <Define5 Value="TESTNET"/>
            </OtherDefines>
          </Other>
        </CompilerOptions>
      </Item5>
      <Item6 Name="TESTNETx64">
        <CompilerOptions>
          <Version Value="11"/>
          <PathDelim Value="\"/>
          <Target>
            <Filename Value="bin\$(TargetCPU)-$(TargetOS)\$(BuildMode)\MicroCoinWallet"/>
          </Target>
          <SearchPaths>
            <IncludeFiles Value="$(ProjOutDir)"/>
            <OtherUnitFiles Value="src\MicroCoin\Synapse;src\Forms;src\MicroCoin\Core;src\MicroCoin\Utils;src\barcodes"/>
            <UnitOutputDirectory Value="lib\$(TargetCPU)-$(TargetOS)\$(BuildMode)"/>
          </SearchPaths>
          <Parsing>
            <SyntaxOptions>
              <SyntaxMode Value="Delphi"/>
            </SyntaxOptions>
          </Parsing>
          <CodeGeneration>
            <Optimizations>
              <OptimizationLevel Value="0"/>
            </Optimizations>
          </CodeGeneration>
          <Linking>
            <Options>
              <Win32>
                <GraphicApplication Value="True"/>
              </Win32>
            </Options>
          </Linking>
          <Other>
            <CustomOptions Value="-dBorland -dVer150 -dDelphi7 -dCompiler6_Up -dPUREMCCAL -dTESTNET"/>
          </Other>
        </CompilerOptions>
      </Item6>
      <Item7 Name="Debug">
        <CompilerOptions>
          <Version Value="11"/>
          <PathDelim Value="\"/>
          <Target>
            <Filename Value="bin\$(TargetCPU)-$(TargetOS)\$(BuildMode)\MicroCoinWallet"/>
          </Target>
          <SearchPaths>
            <IncludeFiles Value="$(ProjOutDir)"/>
            <OtherUnitFiles Value="src\MicroCoin\Synapse;src\Forms;src\MicroCoin\Core;src\MicroCoin\Utils;src\barcodes"/>
            <UnitOutputDirectory Value="lib\$(TargetCPU)-$(TargetOS)\$(BuildMode)"/>
          </SearchPaths>
          <Parsing>
            <SyntaxOptions>
              <SyntaxMode Value="Delphi"/>
            </SyntaxOptions>
          </Parsing>
          <CodeGeneration>
            <Optimizations>
              <OptimizationLevel Value="0"/>
            </Optimizations>
          </CodeGeneration>
          <Linking>
            <Debugging>
              <StripSymbols Value="True"/>
            </Debugging>
            <Options>
              <Win32>
                <GraphicApplication Value="True"/>
              </Win32>
            </Options>
          </Linking>
          <Other>
            <CustomOptions Value="-dBorland -dVer150 -dDelphi7 -dCompiler6_Up -dPUREMCCAL -dPRODUCTION"/>
          </Other>
        </CompilerOptions>
      </Item7>
    </BuildModes>
    <PublishOptions>
      <Version Value="2"/>
    </PublishOptions>
    <RunParams>
      <local>
        <FormatVersion Value="1"/>
      </local>
    </RunParams>
    <RequiredPackages Count="4">
      <Item1>
        <PackageName Value="FCL"/>
      </Item1>
      <Item2>
        <PackageName Value="LazUtils"/>
      </Item2>
      <Item3>
        <PackageName Value="pascalscript"/>
      </Item3>
      <Item4>
        <PackageName Value="LCL"/>
      </Item4>
    </RequiredPackages>
    <Units Count="40">
      <Unit0>
        <Filename Value="MicroCoinWallet.dpr"/>
        <IsPartOfProject Value="True"/>
        <UnitName Value="MicroCoinWalletLazarus"/>
      </Unit0>
      <Unit1>
        <Filename Value="src\MicroCoin\Core\UBlockChain.pas"/>
        <IsPartOfProject Value="True"/>
      </Unit1>
      <Unit2>
        <Filename Value="src\MicroCoin\Core\UCrypto.pas"/>
        <IsPartOfProject Value="True"/>
      </Unit2>
      <Unit3>
        <Filename Value="src\MicroCoin\Core\UTime.pas"/>
        <IsPartOfProject Value="True"/>
      </Unit3>
      <Unit4>
        <Filename Value="src\MicroCoin\Core\UWalletKeys.pas"/>
        <IsPartOfProject Value="True"/>
      </Unit4>
      <Unit5>
        <Filename Value="src\MicroCoin\Core\UOpTransaction.pas"/>
        <IsPartOfProject Value="True"/>
      </Unit5>
      <Unit6>
        <Filename Value="src\MicroCoin\Core\UNetProtocol.pas"/>
        <IsPartOfProject Value="True"/>
      </Unit6>
      <Unit7>
        <Filename Value="src\MicroCoin\Core\UAccounts.pas"/>
        <IsPartOfProject Value="True"/>
      </Unit7>
      <Unit8>
        <Filename Value="src\MicroCoin\Core\UConst.pas"/>
        <IsPartOfProject Value="True"/>
      </Unit8>
      <Unit9>
        <Filename Value="src\MicroCoin\Core\UThread.pas"/>
        <IsPartOfProject Value="True"/>
      </Unit9>
      <Unit10>
        <Filename Value="src\MicroCoin\Core\ULog.pas"/>
        <IsPartOfProject Value="True"/>
      </Unit10>
      <Unit11>
        <Filename Value="src\MicroCoin\Core\UNode.pas"/>
        <IsPartOfProject Value="True"/>
      </Unit11>
      <Unit12>
        <Filename Value="src\MicroCoin\Core\UECIES.pas"/>
        <IsPartOfProject Value="True"/>
      </Unit12>
      <Unit13>
        <Filename Value="src\Forms\UFRMWallet.pas"/>
        <IsPartOfProject Value="True"/>
        <ComponentName Value="FRMWallet"/>
        <HasResources Value="True"/>
        <ResourceBaseClass Value="Form"/>
      </Unit13>
      <Unit14>
        <Filename Value="src\MicroCoin\Utils\UFolderHelper.pas"/>
        <IsPartOfProject Value="True"/>
      </Unit14>
      <Unit15>
        <Filename Value="src\MicroCoin\Utils\UAppParams.pas"/>
        <IsPartOfProject Value="True"/>
      </Unit15>
      <Unit16>
        <Filename Value="src\MicroCoin\Utils\UGridUtils.pas"/>
        <IsPartOfProject Value="True"/>
      </Unit16>
      <Unit17>
        <Filename Value="src\Forms\UFRMMicroCoinWalletConfig.pas"/>
        <IsPartOfProject Value="True"/>
        <ComponentName Value="FRMMicroCoinWalletConfig"/>
        <HasResources Value="True"/>
        <ResourceBaseClass Value="Form"/>
      </Unit17>
      <Unit18>
        <Filename Value="src\Forms\UFRMAbout.pas"/>
        <IsPartOfProject Value="True"/>
        <ComponentName Value="FRMAbout"/>
        <HasResources Value="True"/>
        <ResourceBaseClass Value="Form"/>
      </Unit18>
      <Unit19>
        <Filename Value="src\Forms\UFRMOperation.pas"/>
        <IsPartOfProject Value="True"/>
        <ComponentName Value="FRMOperation"/>
        <HasResources Value="True"/>
        <ResourceBaseClass Value="Form"/>
      </Unit19>
      <Unit20>
        <Filename Value="src\Forms\UFRMWalletKeys.pas"/>
        <IsPartOfProject Value="True"/>
        <ComponentName Value="FRMWalletKeys"/>
        <HasResources Value="True"/>
        <ResourceBaseClass Value="Form"/>
      </Unit20>
      <Unit21>
        <Filename Value="src\Forms\UFRMNewPrivateKeyType.pas"/>
        <IsPartOfProject Value="True"/>
        <ComponentName Value="FRMNewPrivateKeyType"/>
        <HasResources Value="True"/>
        <ResourceBaseClass Value="Form"/>
      </Unit21>
      <Unit22>
        <Filename Value="src\Forms\UFRMPayloadDecoder.pas"/>
        <IsPartOfProject Value="True"/>
        <ComponentName Value="FRMPayloadDecoder"/>
        <HasResources Value="True"/>
        <ResourceBaseClass Value="Form"/>
      </Unit22>
      <Unit23>
        <Filename Value="src\Forms\UFRMNodesIp.pas"/>
        <IsPartOfProject Value="True"/>
        <ComponentName Value="FRMNodesIp"/>
        <HasResources Value="True"/>
        <ResourceBaseClass Value="Form"/>
      </Unit23>
      <Unit24>
        <Filename Value="src\MicroCoin\Core\UTCPIP.pas"/>
        <IsPartOfProject Value="True"/>
      </Unit24>
      <Unit25>
        <Filename Value="src\MicroCoin\Utils\UJSONFunctions.pas"/>
        <IsPartOfProject Value="True"/>
      </Unit25>
      <Unit26>
        <Filename Value="src\MicroCoin\Core\URPC.pas"/>
        <IsPartOfProject Value="True"/>
      </Unit26>
      <Unit27>
        <Filename Value="src\MicroCoin\Core\UPoolMining.pas"/>
        <IsPartOfProject Value="True"/>
      </Unit27>
      <Unit28>
        <Filename Value="src\MicroCoin\Core\UOpenSSL.pas"/>
        <IsPartOfProject Value="True"/>
      </Unit28>
      <Unit29>
        <Filename Value="src\MicroCoin\Core\UOpenSSLdef.pas"/>
        <IsPartOfProject Value="True"/>
      </Unit29>
      <Unit30>
        <Filename Value="src\MicroCoin\Core\UFileStorage.pas"/>
        <IsPartOfProject Value="True"/>
      </Unit30>
      <Unit31>
        <Filename Value="src\MicroCoin\Core\config.inc"/>
        <IsPartOfProject Value="True"/>
      </Unit31>
      <Unit32>
        <Filename Value="src\MicroCoin\Core\UAES.pas"/>
        <IsPartOfProject Value="True"/>
      </Unit32>
      <Unit33>
        <Filename Value="src\MicroCoin\Core\UChunk.pas"/>
        <IsPartOfProject Value="True"/>
      </Unit33>
      <Unit34>
        <Filename Value="src\Forms\UFRMAccountSelect.pas"/>
        <IsPartOfProject Value="True"/>
        <ComponentName Value="FRMAccountSelect"/>
        <HasResources Value="True"/>
        <ResourceBaseClass Value="Form"/>
      </Unit34>
      <Unit35>
        <Filename Value="src\MicroCoin\Core\UBaseTypes.pas"/>
        <IsPartOfProject Value="True"/>
      </Unit35>
      <Unit36>
        <Filename Value="src\MicroCoin\Utils\UCommon.pas"/>
        <IsPartOfProject Value="True"/>
      </Unit36>
      <Unit37>
        <Filename Value="src\Forms\ufrmqrcode.pas"/>
        <IsPartOfProject Value="True"/>
        <ComponentName Value="QRForm"/>
        <HasResources Value="True"/>
        <ResourceBaseClass Value="Form"/>
        <UnitName Value="UFRMQRCode"/>
      </Unit37>
      <Unit38>
        <Filename Value="src\Forms\ufrmrequestmoney.pas"/>
        <IsPartOfProject Value="True"/>
        <ComponentName Value="RequestMoneyForm"/>
        <HasResources Value="True"/>
        <ResourceBaseClass Value="Form"/>
        <UnitName Value="UFRMRequestMoney"/>
      </Unit38>
      <Unit39>
        <Filename Value="src\Forms\ufrmminecoins.pas"/>
        <IsPartOfProject Value="True"/>
        <ComponentName Value="FrmMineCoins"/>
        <HasResources Value="True"/>
        <ResourceBaseClass Value="Form"/>
        <UnitName Value="UFRMMineCoins"/>
      </Unit39>
    </Units>
  </ProjectOptions>
  <CompilerOptions>
    <Version Value="11"/>
    <PathDelim Value="\"/>
    <Target>
      <Filename Value="bin\$(TargetCPU)-$(TargetOS)\$(BuildMode)\MicroCoinWallet"/>
    </Target>
    <SearchPaths>
      <IncludeFiles Value="$(ProjOutDir)"/>
      <OtherUnitFiles Value="src\MicroCoin\Synapse;src\Forms;src\MicroCoin\Core;src\MicroCoin\Utils;src\barcodes"/>
      <UnitOutputDirectory Value="lib\$(TargetCPU)-$(TargetOS)\$(BuildMode)"/>
    </SearchPaths>
    <Parsing>
      <SyntaxOptions>
        <SyntaxMode Value="Delphi"/>
      </SyntaxOptions>
    </Parsing>
    <CodeGeneration>
      <Optimizations>
        <OptimizationLevel Value="3"/>
      </Optimizations>
    </CodeGeneration>
    <Linking>
      <Debugging>
        <GenerateDebugInfo Value="False"/>
        <StripSymbols Value="True"/>
      </Debugging>
      <Options>
        <Win32>
          <GraphicApplication Value="True"/>
        </Win32>
      </Options>
    </Linking>
    <Other>
      <CustomOptions Value="-dBorland -dVer150 -dDelphi7 -dCompiler6_Up -dPUREMCCAL -dPRODUCTION"/>
    </Other>
  </CompilerOptions>
  <Debugging>
    <Exceptions Count="3">
      <Item1>
        <Name Value="EAbort"/>
      </Item1>
      <Item2>
        <Name Value="ECodetoolError"/>
      </Item2>
      <Item3>
        <Name Value="EFOpenError"/>
      </Item3>
    </Exceptions>
  </Debugging>
</CONFIG>
